// !$*UTF8*$!
{
	archiveVersion = 1;
	classes = {
	};
	objectVersion = 51;
	objects = {

/* Begin PBXBuildFile section */
		0405BEC223B76FC400AA2880 /* SettingsOnMap.swift in Sources */ = {isa = PBXBuildFile; fileRef = 0405BEC123B76FC400AA2880 /* SettingsOnMap.swift */; };
		0405BED223B775DC00AA2880 /* MapKit.framework in Frameworks */ = {isa = PBXBuildFile; fileRef = 0405BED123B775DC00AA2880 /* MapKit.framework */; };
		0405BED423B775F300AA2880 /* MapViewController.swift in Sources */ = {isa = PBXBuildFile; fileRef = 0405BED323B775F300AA2880 /* MapViewController.swift */; };
		0405BED623B7760500AA2880 /* MapViewController.storyboard in Resources */ = {isa = PBXBuildFile; fileRef = 0405BED523B7760500AA2880 /* MapViewController.storyboard */; };
		0405BED823B7774D00AA2880 /* SettingsViewController.swift in Sources */ = {isa = PBXBuildFile; fileRef = 0405BED723B7774D00AA2880 /* SettingsViewController.swift */; };
		0405BEDA23B7778700AA2880 /* SettingsViewController.storyboard in Resources */ = {isa = PBXBuildFile; fileRef = 0405BED923B7778700AA2880 /* SettingsViewController.storyboard */; };
		0412280623C8AFB1009C36CF /* MessengerMock.swift in Sources */ = {isa = PBXBuildFile; fileRef = 0412280523C8AFB1009C36CF /* MessengerMock.swift */; };
		0418FDA223B796D9004F6200 /* ChatInfo.swift in Sources */ = {isa = PBXBuildFile; fileRef = 0418FDA123B796D9004F6200 /* ChatInfo.swift */; };
		0418FDA423B796F4004F6200 /* ChatRoom.swift in Sources */ = {isa = PBXBuildFile; fileRef = 0418FDA323B796F4004F6200 /* ChatRoom.swift */; };
		0418FDA623B79710004F6200 /* FirestoreMessenger.swift in Sources */ = {isa = PBXBuildFile; fileRef = 0418FDA523B79710004F6200 /* FirestoreMessenger.swift */; };
		0418FDA823B79724004F6200 /* MessengerOnMap.swift in Sources */ = {isa = PBXBuildFile; fileRef = 0418FDA723B79724004F6200 /* MessengerOnMap.swift */; };
		0418FDAA23B79853004F6200 /* PinChat.swift in Sources */ = {isa = PBXBuildFile; fileRef = 0418FDA923B79853004F6200 /* PinChat.swift */; };
		043EB4DC23BBAD3800BEFC4A /* LocalNotifications.swift in Sources */ = {isa = PBXBuildFile; fileRef = 043EB4DB23BBAD3800BEFC4A /* LocalNotifications.swift */; };
		048C6F2C23BB8C460028A908 /* ChatRoomViewController.swift in Sources */ = {isa = PBXBuildFile; fileRef = 048C6F2B23BB8C460028A908 /* ChatRoomViewController.swift */; };
		048C6F2E23BB8C580028A908 /* ChatRoomViewController.storyboard in Resources */ = {isa = PBXBuildFile; fileRef = 048C6F2D23BB8C580028A908 /* ChatRoomViewController.storyboard */; };
		048C6F3023BB8C9B0028A908 /* MessageCell.swift in Sources */ = {isa = PBXBuildFile; fileRef = 048C6F2F23BB8C9B0028A908 /* MessageCell.swift */; };
		048C6F3323BB95830028A908 /* OtherMessageTableViewCell.swift in Sources */ = {isa = PBXBuildFile; fileRef = 048C6F3123BB95830028A908 /* OtherMessageTableViewCell.swift */; };
		048C6F3423BB95830028A908 /* OtherMessageTableViewCell.xib in Resources */ = {isa = PBXBuildFile; fileRef = 048C6F3223BB95830028A908 /* OtherMessageTableViewCell.xib */; };
		048C6F3723BB95980028A908 /* MyMessageTableViewCell.swift in Sources */ = {isa = PBXBuildFile; fileRef = 048C6F3523BB95980028A908 /* MyMessageTableViewCell.swift */; };
		048C6F3823BB95980028A908 /* MyMessageTableViewCell.xib in Resources */ = {isa = PBXBuildFile; fileRef = 048C6F3623BB95980028A908 /* MyMessageTableViewCell.xib */; };
		049E22C423CB8564002C9EBC /* ModelChatRoom.swift in Sources */ = {isa = PBXBuildFile; fileRef = 049E22C323CB8564002C9EBC /* ModelChatRoom.swift */; };
		04AAFAEB23CB503100110813 /* GoogleService-Info.plist in Resources */ = {isa = PBXBuildFile; fileRef = 04AAFAEA23CB503100110813 /* GoogleService-Info.plist */; };
		04AAFAEC23CB503100110813 /* GoogleService-Info.plist in Resources */ = {isa = PBXBuildFile; fileRef = 04AAFAEA23CB503100110813 /* GoogleService-Info.plist */; };
		441A83C923C68F6F00383F53 /* AccountTableViewExtension.swift in Sources */ = {isa = PBXBuildFile; fileRef = 441A83C823C68F6F00383F53 /* AccountTableViewExtension.swift */; };
		441A83CB23C72B6C00383F53 /* PhotoPickerExtension.swift in Sources */ = {isa = PBXBuildFile; fileRef = 441A83CA23C72B6C00383F53 /* PhotoPickerExtension.swift */; };
		441A83CD23C7394C00383F53 /* ChooseActionWithPhotoController.swift in Sources */ = {isa = PBXBuildFile; fileRef = 441A83CC23C7394C00383F53 /* ChooseActionWithPhotoController.swift */; };
		441A83CF23C739FE00383F53 /* ChooseActionWithPhotoController.storyboard in Resources */ = {isa = PBXBuildFile; fileRef = 441A83CE23C739FE00383F53 /* ChooseActionWithPhotoController.storyboard */; };
		441A83D123C7580A00383F53 /* ChangePhoneViewController.swift in Sources */ = {isa = PBXBuildFile; fileRef = 441A83D023C7580A00383F53 /* ChangePhoneViewController.swift */; };
		441A83D323C759D800383F53 /* ChangePhoneViewController.storyboard in Resources */ = {isa = PBXBuildFile; fileRef = 441A83D223C759D800383F53 /* ChangePhoneViewController.storyboard */; };
		441A83D523C7EDEC00383F53 /* NewPhoneViewController.swift in Sources */ = {isa = PBXBuildFile; fileRef = 441A83D423C7EDEC00383F53 /* NewPhoneViewController.swift */; };
		441A83D723C7EF3100383F53 /* NewPhoneViewController.storyboard in Resources */ = {isa = PBXBuildFile; fileRef = 441A83D623C7EF3100383F53 /* NewPhoneViewController.storyboard */; };
		441A83D923C7F84A00383F53 /* UpdateEmailDeleteAccountViewController.swift in Sources */ = {isa = PBXBuildFile; fileRef = 441A83D823C7F84A00383F53 /* UpdateEmailDeleteAccountViewController.swift */; };
		441A83DB23C7F86100383F53 /* UpdateEmailDeleteAccountViewController.storyboard in Resources */ = {isa = PBXBuildFile; fileRef = 441A83DA23C7F86100383F53 /* UpdateEmailDeleteAccountViewController.storyboard */; };
		441A83DE23C805B200383F53 /* PhoneAuthSB.storyboard in Resources */ = {isa = PBXBuildFile; fileRef = 441A83DD23C805B200383F53 /* PhoneAuthSB.storyboard */; };
		441F97B523BD7416009858EA /* Account.swift in Sources */ = {isa = PBXBuildFile; fileRef = 441F97B423BD7416009858EA /* Account.swift */; };
		441F97B723BD7447009858EA /* LoginNetworking.swift in Sources */ = {isa = PBXBuildFile; fileRef = 441F97B623BD7447009858EA /* LoginNetworking.swift */; };
		441F97BB23BD745C009858EA /* NetworkingService.swift in Sources */ = {isa = PBXBuildFile; fileRef = 441F97B823BD745C009858EA /* NetworkingService.swift */; };
		441F97BC23BD745C009858EA /* PhotoNetworking.swift in Sources */ = {isa = PBXBuildFile; fileRef = 441F97B923BD745C009858EA /* PhotoNetworking.swift */; };
		441F97BD23BD745C009858EA /* User.swift in Sources */ = {isa = PBXBuildFile; fileRef = 441F97BA23BD745C009858EA /* User.swift */; };
		441F97C223BD7484009858EA /* InterFaceExtensions.swift in Sources */ = {isa = PBXBuildFile; fileRef = 441F97BE23BD7483009858EA /* InterFaceExtensions.swift */; };
		441F97C323BD7484009858EA /* LoginViewController.swift in Sources */ = {isa = PBXBuildFile; fileRef = 441F97BF23BD7483009858EA /* LoginViewController.swift */; };
		441F97C423BD7484009858EA /* CustomAnimations.swift in Sources */ = {isa = PBXBuildFile; fileRef = 441F97C023BD7484009858EA /* CustomAnimations.swift */; };
		441F97C523BD7484009858EA /* LoginViewController.storyboard in Resources */ = {isa = PBXBuildFile; fileRef = 441F97C123BD7484009858EA /* LoginViewController.storyboard */; };
		441F97CB23BD74AF009858EA /* ConstantsWithAnimations.swift in Sources */ = {isa = PBXBuildFile; fileRef = 441F97CA23BD74AF009858EA /* ConstantsWithAnimations.swift */; };
		441F97D023BD74C3009858EA /* AccountViewController.storyboard in Resources */ = {isa = PBXBuildFile; fileRef = 441F97CC23BD74C2009858EA /* AccountViewController.storyboard */; };
		441F97D123BD74C3009858EA /* AccountViewController.swift in Sources */ = {isa = PBXBuildFile; fileRef = 441F97CD23BD74C3009858EA /* AccountViewController.swift */; };
		441F97E223BD763C009858EA /* 16862.otf in Resources */ = {isa = PBXBuildFile; fileRef = 441F97E123BD763C009858EA /* 16862.otf */; };
		4426C8A423B682C700DE03BE /* AppDelegate.swift in Sources */ = {isa = PBXBuildFile; fileRef = 4426C8A323B682C700DE03BE /* AppDelegate.swift */; };
		4426C8A923B682C700DE03BE /* Main.storyboard in Resources */ = {isa = PBXBuildFile; fileRef = 4426C8A723B682C700DE03BE /* Main.storyboard */; };
		4426C8AB23B682C900DE03BE /* Assets.xcassets in Resources */ = {isa = PBXBuildFile; fileRef = 4426C8AA23B682C900DE03BE /* Assets.xcassets */; };
		4426C8AE23B682C900DE03BE /* LaunchScreen.storyboard in Resources */ = {isa = PBXBuildFile; fileRef = 4426C8AC23B682C900DE03BE /* LaunchScreen.storyboard */; };
		4426C8B923B682C900DE03BE /* onMapTests.swift in Sources */ = {isa = PBXBuildFile; fileRef = 4426C8B823B682C900DE03BE /* onMapTests.swift */; };
		4426C8C423B682C900DE03BE /* onMapUITests.swift in Sources */ = {isa = PBXBuildFile; fileRef = 4426C8C323B682C900DE03BE /* onMapUITests.swift */; };
		446C6CDD23CB3B5000186D49 /* AnyAccountViewController.swift in Sources */ = {isa = PBXBuildFile; fileRef = 446C6CDC23CB3B5000186D49 /* AnyAccountViewController.swift */; };
		446C6CDF23CB44E200186D49 /* AccountLocalStorage.swift in Sources */ = {isa = PBXBuildFile; fileRef = 446C6CDE23CB44E200186D49 /* AccountLocalStorage.swift */; };
		446C6CE123CB458800186D49 /* People.swift in Sources */ = {isa = PBXBuildFile; fileRef = 446C6CE023CB458800186D49 /* People.swift */; };
		448C9E9E23BE4A9600469E94 /* PhoneAuthViewContoller.swift in Sources */ = {isa = PBXBuildFile; fileRef = 448C9E9D23BE4A9600469E94 /* PhoneAuthViewContoller.swift */; };
		67DC022DFC9C4F8D64C44B42 /* Pods_onMap_onMapUITests.framework in Frameworks */ = {isa = PBXBuildFile; fileRef = 3DE5F36482631ECF39940CF3 /* Pods_onMap_onMapUITests.framework */; };
		B07BA8863C9F7AE0908CC3CD /* Pods_onMap_onMapTests.framework in Frameworks */ = {isa = PBXBuildFile; fileRef = BC83340DE9FF3394E5F23E95 /* Pods_onMap_onMapTests.framework */; };
		E070E7E46282CF496115CF01 /* Pods_onMap.framework in Frameworks */ = {isa = PBXBuildFile; fileRef = 0FF7B4E7B1571EC4A1802369 /* Pods_onMap.framework */; };
/* End PBXBuildFile section */

/* Begin PBXContainerItemProxy section */
		4426C8B523B682C900DE03BE /* PBXContainerItemProxy */ = {
			isa = PBXContainerItemProxy;
			containerPortal = 4426C89823B682C700DE03BE /* Project object */;
			proxyType = 1;
			remoteGlobalIDString = 4426C89F23B682C700DE03BE;
			remoteInfo = onMap;
		};
		4426C8C023B682C900DE03BE /* PBXContainerItemProxy */ = {
			isa = PBXContainerItemProxy;
			containerPortal = 4426C89823B682C700DE03BE /* Project object */;
			proxyType = 1;
			remoteGlobalIDString = 4426C89F23B682C700DE03BE;
			remoteInfo = onMap;
		};
/* End PBXContainerItemProxy section */

/* Begin PBXFileReference section */
		0405BEC123B76FC400AA2880 /* SettingsOnMap.swift */ = {isa = PBXFileReference; lastKnownFileType = sourcecode.swift; path = SettingsOnMap.swift; sourceTree = "<group>"; };
		0405BED123B775DC00AA2880 /* MapKit.framework */ = {isa = PBXFileReference; lastKnownFileType = wrapper.framework; name = MapKit.framework; path = System/Library/Frameworks/MapKit.framework; sourceTree = SDKROOT; };
		0405BED323B775F300AA2880 /* MapViewController.swift */ = {isa = PBXFileReference; lastKnownFileType = sourcecode.swift; path = MapViewController.swift; sourceTree = "<group>"; };
		0405BED523B7760500AA2880 /* MapViewController.storyboard */ = {isa = PBXFileReference; lastKnownFileType = file.storyboard; path = MapViewController.storyboard; sourceTree = "<group>"; };
		0405BED723B7774D00AA2880 /* SettingsViewController.swift */ = {isa = PBXFileReference; lastKnownFileType = sourcecode.swift; path = SettingsViewController.swift; sourceTree = "<group>"; };
		0405BED923B7778700AA2880 /* SettingsViewController.storyboard */ = {isa = PBXFileReference; lastKnownFileType = file.storyboard; path = SettingsViewController.storyboard; sourceTree = "<group>"; };
		0412280523C8AFB1009C36CF /* MessengerMock.swift */ = {isa = PBXFileReference; lastKnownFileType = sourcecode.swift; path = MessengerMock.swift; sourceTree = "<group>"; };
		0418FDA123B796D9004F6200 /* ChatInfo.swift */ = {isa = PBXFileReference; lastKnownFileType = sourcecode.swift; path = ChatInfo.swift; sourceTree = "<group>"; };
		0418FDA323B796F4004F6200 /* ChatRoom.swift */ = {isa = PBXFileReference; lastKnownFileType = sourcecode.swift; path = ChatRoom.swift; sourceTree = "<group>"; };
		0418FDA523B79710004F6200 /* FirestoreMessenger.swift */ = {isa = PBXFileReference; lastKnownFileType = sourcecode.swift; path = FirestoreMessenger.swift; sourceTree = "<group>"; };
		0418FDA723B79724004F6200 /* MessengerOnMap.swift */ = {isa = PBXFileReference; lastKnownFileType = sourcecode.swift; path = MessengerOnMap.swift; sourceTree = "<group>"; };
		0418FDA923B79853004F6200 /* PinChat.swift */ = {isa = PBXFileReference; lastKnownFileType = sourcecode.swift; path = PinChat.swift; sourceTree = "<group>"; };
		043EB4DB23BBAD3800BEFC4A /* LocalNotifications.swift */ = {isa = PBXFileReference; lastKnownFileType = sourcecode.swift; path = LocalNotifications.swift; sourceTree = "<group>"; };
		048C6F2B23BB8C460028A908 /* ChatRoomViewController.swift */ = {isa = PBXFileReference; lastKnownFileType = sourcecode.swift; path = ChatRoomViewController.swift; sourceTree = "<group>"; };
		048C6F2D23BB8C580028A908 /* ChatRoomViewController.storyboard */ = {isa = PBXFileReference; lastKnownFileType = file.storyboard; path = ChatRoomViewController.storyboard; sourceTree = "<group>"; };
		048C6F2F23BB8C9B0028A908 /* MessageCell.swift */ = {isa = PBXFileReference; lastKnownFileType = sourcecode.swift; path = MessageCell.swift; sourceTree = "<group>"; };
		048C6F3123BB95830028A908 /* OtherMessageTableViewCell.swift */ = {isa = PBXFileReference; lastKnownFileType = sourcecode.swift; path = OtherMessageTableViewCell.swift; sourceTree = "<group>"; };
		048C6F3223BB95830028A908 /* OtherMessageTableViewCell.xib */ = {isa = PBXFileReference; lastKnownFileType = file.xib; path = OtherMessageTableViewCell.xib; sourceTree = "<group>"; };
		048C6F3523BB95980028A908 /* MyMessageTableViewCell.swift */ = {isa = PBXFileReference; lastKnownFileType = sourcecode.swift; path = MyMessageTableViewCell.swift; sourceTree = "<group>"; };
		048C6F3623BB95980028A908 /* MyMessageTableViewCell.xib */ = {isa = PBXFileReference; lastKnownFileType = file.xib; path = MyMessageTableViewCell.xib; sourceTree = "<group>"; };
		049E22C323CB8564002C9EBC /* ModelChatRoom.swift */ = {isa = PBXFileReference; lastKnownFileType = sourcecode.swift; path = ModelChatRoom.swift; sourceTree = "<group>"; };
		04AAFAEA23CB503100110813 /* GoogleService-Info.plist */ = {isa = PBXFileReference; fileEncoding = 4; lastKnownFileType = text.plist.xml; path = "GoogleService-Info.plist"; sourceTree = "<group>"; };
		0FF7B4E7B1571EC4A1802369 /* Pods_onMap.framework */ = {isa = PBXFileReference; explicitFileType = wrapper.framework; includeInIndex = 0; path = Pods_onMap.framework; sourceTree = BUILT_PRODUCTS_DIR; };
		2DE1D38C1F2E2DA5BE15BE53 /* Pods-onMap-onMapUITests.release.xcconfig */ = {isa = PBXFileReference; includeInIndex = 1; lastKnownFileType = text.xcconfig; name = "Pods-onMap-onMapUITests.release.xcconfig"; path = "Target Support Files/Pods-onMap-onMapUITests/Pods-onMap-onMapUITests.release.xcconfig"; sourceTree = "<group>"; };
		2E7DBF1A8C922F1C76E0107F /* Pods-onMap.debug.xcconfig */ = {isa = PBXFileReference; includeInIndex = 1; lastKnownFileType = text.xcconfig; name = "Pods-onMap.debug.xcconfig"; path = "Target Support Files/Pods-onMap/Pods-onMap.debug.xcconfig"; sourceTree = "<group>"; };
		3DE5F36482631ECF39940CF3 /* Pods_onMap_onMapUITests.framework */ = {isa = PBXFileReference; explicitFileType = wrapper.framework; includeInIndex = 0; path = Pods_onMap_onMapUITests.framework; sourceTree = BUILT_PRODUCTS_DIR; };
		441A83C823C68F6F00383F53 /* AccountTableViewExtension.swift */ = {isa = PBXFileReference; lastKnownFileType = sourcecode.swift; path = AccountTableViewExtension.swift; sourceTree = "<group>"; };
		441A83CA23C72B6C00383F53 /* PhotoPickerExtension.swift */ = {isa = PBXFileReference; lastKnownFileType = sourcecode.swift; path = PhotoPickerExtension.swift; sourceTree = "<group>"; };
		441A83CC23C7394C00383F53 /* ChooseActionWithPhotoController.swift */ = {isa = PBXFileReference; lastKnownFileType = sourcecode.swift; path = ChooseActionWithPhotoController.swift; sourceTree = "<group>"; };
		441A83CE23C739FE00383F53 /* ChooseActionWithPhotoController.storyboard */ = {isa = PBXFileReference; lastKnownFileType = file.storyboard; path = ChooseActionWithPhotoController.storyboard; sourceTree = "<group>"; };
		441A83D023C7580A00383F53 /* ChangePhoneViewController.swift */ = {isa = PBXFileReference; lastKnownFileType = sourcecode.swift; path = ChangePhoneViewController.swift; sourceTree = "<group>"; };
		441A83D223C759D800383F53 /* ChangePhoneViewController.storyboard */ = {isa = PBXFileReference; lastKnownFileType = file.storyboard; path = ChangePhoneViewController.storyboard; sourceTree = "<group>"; };
		441A83D423C7EDEC00383F53 /* NewPhoneViewController.swift */ = {isa = PBXFileReference; lastKnownFileType = sourcecode.swift; path = NewPhoneViewController.swift; sourceTree = "<group>"; };
		441A83D623C7EF3100383F53 /* NewPhoneViewController.storyboard */ = {isa = PBXFileReference; lastKnownFileType = file.storyboard; path = NewPhoneViewController.storyboard; sourceTree = "<group>"; };
		441A83D823C7F84A00383F53 /* UpdateEmailDeleteAccountViewController.swift */ = {isa = PBXFileReference; lastKnownFileType = sourcecode.swift; path = UpdateEmailDeleteAccountViewController.swift; sourceTree = "<group>"; };
		441A83DA23C7F86100383F53 /* UpdateEmailDeleteAccountViewController.storyboard */ = {isa = PBXFileReference; lastKnownFileType = file.storyboard; path = UpdateEmailDeleteAccountViewController.storyboard; sourceTree = "<group>"; };
		441A83DD23C805B200383F53 /* PhoneAuthSB.storyboard */ = {isa = PBXFileReference; lastKnownFileType = file.storyboard; path = PhoneAuthSB.storyboard; sourceTree = "<group>"; };
		441F97B423BD7416009858EA /* Account.swift */ = {isa = PBXFileReference; fileEncoding = 4; lastKnownFileType = sourcecode.swift; path = Account.swift; sourceTree = "<group>"; };
		441F97B623BD7447009858EA /* LoginNetworking.swift */ = {isa = PBXFileReference; fileEncoding = 4; lastKnownFileType = sourcecode.swift; path = LoginNetworking.swift; sourceTree = "<group>"; };
		441F97B823BD745C009858EA /* NetworkingService.swift */ = {isa = PBXFileReference; fileEncoding = 4; lastKnownFileType = sourcecode.swift; path = NetworkingService.swift; sourceTree = "<group>"; };
		441F97B923BD745C009858EA /* PhotoNetworking.swift */ = {isa = PBXFileReference; fileEncoding = 4; lastKnownFileType = sourcecode.swift; path = PhotoNetworking.swift; sourceTree = "<group>"; };
		441F97BA23BD745C009858EA /* User.swift */ = {isa = PBXFileReference; fileEncoding = 4; lastKnownFileType = sourcecode.swift; path = User.swift; sourceTree = "<group>"; };
		441F97BE23BD7483009858EA /* InterFaceExtensions.swift */ = {isa = PBXFileReference; fileEncoding = 4; lastKnownFileType = sourcecode.swift; path = InterFaceExtensions.swift; sourceTree = "<group>"; };
		441F97BF23BD7483009858EA /* LoginViewController.swift */ = {isa = PBXFileReference; fileEncoding = 4; lastKnownFileType = sourcecode.swift; path = LoginViewController.swift; sourceTree = "<group>"; };
		441F97C023BD7484009858EA /* CustomAnimations.swift */ = {isa = PBXFileReference; fileEncoding = 4; lastKnownFileType = sourcecode.swift; path = CustomAnimations.swift; sourceTree = "<group>"; };
		441F97C123BD7484009858EA /* LoginViewController.storyboard */ = {isa = PBXFileReference; fileEncoding = 4; lastKnownFileType = file.storyboard; path = LoginViewController.storyboard; sourceTree = "<group>"; };
		441F97CA23BD74AF009858EA /* ConstantsWithAnimations.swift */ = {isa = PBXFileReference; fileEncoding = 4; lastKnownFileType = sourcecode.swift; path = ConstantsWithAnimations.swift; sourceTree = "<group>"; };
		441F97CC23BD74C2009858EA /* AccountViewController.storyboard */ = {isa = PBXFileReference; fileEncoding = 4; lastKnownFileType = file.storyboard; path = AccountViewController.storyboard; sourceTree = "<group>"; };
		441F97CD23BD74C3009858EA /* AccountViewController.swift */ = {isa = PBXFileReference; fileEncoding = 4; lastKnownFileType = sourcecode.swift; path = AccountViewController.swift; sourceTree = "<group>"; };
		441F97E123BD763C009858EA /* 16862.otf */ = {isa = PBXFileReference; lastKnownFileType = file; path = 16862.otf; sourceTree = "<group>"; };
		4426C8A023B682C700DE03BE /* onMap.app */ = {isa = PBXFileReference; explicitFileType = wrapper.application; includeInIndex = 0; path = onMap.app; sourceTree = BUILT_PRODUCTS_DIR; };
		4426C8A323B682C700DE03BE /* AppDelegate.swift */ = {isa = PBXFileReference; lastKnownFileType = sourcecode.swift; path = AppDelegate.swift; sourceTree = "<group>"; };
		4426C8A823B682C700DE03BE /* Base */ = {isa = PBXFileReference; lastKnownFileType = file.storyboard; name = Base; path = Base.lproj/Main.storyboard; sourceTree = "<group>"; };
		4426C8AA23B682C900DE03BE /* Assets.xcassets */ = {isa = PBXFileReference; lastKnownFileType = folder.assetcatalog; path = Assets.xcassets; sourceTree = "<group>"; };
		4426C8AD23B682C900DE03BE /* Base */ = {isa = PBXFileReference; lastKnownFileType = file.storyboard; name = Base; path = Base.lproj/LaunchScreen.storyboard; sourceTree = "<group>"; };
		4426C8AF23B682C900DE03BE /* Info.plist */ = {isa = PBXFileReference; lastKnownFileType = text.plist.xml; path = Info.plist; sourceTree = "<group>"; };
		4426C8B423B682C900DE03BE /* onMapTests.xctest */ = {isa = PBXFileReference; explicitFileType = wrapper.cfbundle; includeInIndex = 0; path = onMapTests.xctest; sourceTree = BUILT_PRODUCTS_DIR; };
		4426C8B823B682C900DE03BE /* onMapTests.swift */ = {isa = PBXFileReference; lastKnownFileType = sourcecode.swift; path = onMapTests.swift; sourceTree = "<group>"; };
		4426C8BA23B682C900DE03BE /* Info.plist */ = {isa = PBXFileReference; lastKnownFileType = text.plist.xml; path = Info.plist; sourceTree = "<group>"; };
		4426C8BF23B682C900DE03BE /* onMapUITests.xctest */ = {isa = PBXFileReference; explicitFileType = wrapper.cfbundle; includeInIndex = 0; path = onMapUITests.xctest; sourceTree = BUILT_PRODUCTS_DIR; };
		4426C8C323B682C900DE03BE /* onMapUITests.swift */ = {isa = PBXFileReference; lastKnownFileType = sourcecode.swift; path = onMapUITests.swift; sourceTree = "<group>"; };
		4426C8C523B682C900DE03BE /* Info.plist */ = {isa = PBXFileReference; lastKnownFileType = text.plist.xml; path = Info.plist; sourceTree = "<group>"; };
		446C6CDC23CB3B5000186D49 /* AnyAccountViewController.swift */ = {isa = PBXFileReference; lastKnownFileType = sourcecode.swift; path = AnyAccountViewController.swift; sourceTree = "<group>"; };
		446C6CDE23CB44E200186D49 /* AccountLocalStorage.swift */ = {isa = PBXFileReference; lastKnownFileType = sourcecode.swift; path = AccountLocalStorage.swift; sourceTree = "<group>"; };
		446C6CE023CB458800186D49 /* People.swift */ = {isa = PBXFileReference; lastKnownFileType = sourcecode.swift; path = People.swift; sourceTree = "<group>"; };
		448C9E9D23BE4A9600469E94 /* PhoneAuthViewContoller.swift */ = {isa = PBXFileReference; lastKnownFileType = sourcecode.swift; path = PhoneAuthViewContoller.swift; sourceTree = "<group>"; };
		5422A8C7CA791931FAA4EC0B /* Pods-onMap-onMapTests.debug.xcconfig */ = {isa = PBXFileReference; includeInIndex = 1; lastKnownFileType = text.xcconfig; name = "Pods-onMap-onMapTests.debug.xcconfig"; path = "Target Support Files/Pods-onMap-onMapTests/Pods-onMap-onMapTests.debug.xcconfig"; sourceTree = "<group>"; };
		9AE04F5416D3FCDA12405011 /* Pods-onMap.release.xcconfig */ = {isa = PBXFileReference; includeInIndex = 1; lastKnownFileType = text.xcconfig; name = "Pods-onMap.release.xcconfig"; path = "Target Support Files/Pods-onMap/Pods-onMap.release.xcconfig"; sourceTree = "<group>"; };
		BC83340DE9FF3394E5F23E95 /* Pods_onMap_onMapTests.framework */ = {isa = PBXFileReference; explicitFileType = wrapper.framework; includeInIndex = 0; path = Pods_onMap_onMapTests.framework; sourceTree = BUILT_PRODUCTS_DIR; };
		EEFF4EF08D0688E93BF8C7CF /* Pods-onMap-onMapTests.release.xcconfig */ = {isa = PBXFileReference; includeInIndex = 1; lastKnownFileType = text.xcconfig; name = "Pods-onMap-onMapTests.release.xcconfig"; path = "Target Support Files/Pods-onMap-onMapTests/Pods-onMap-onMapTests.release.xcconfig"; sourceTree = "<group>"; };
		F2AA6E9F8927DFA28B1130EE /* Pods-onMap-onMapUITests.debug.xcconfig */ = {isa = PBXFileReference; includeInIndex = 1; lastKnownFileType = text.xcconfig; name = "Pods-onMap-onMapUITests.debug.xcconfig"; path = "Target Support Files/Pods-onMap-onMapUITests/Pods-onMap-onMapUITests.debug.xcconfig"; sourceTree = "<group>"; };
/* End PBXFileReference section */

/* Begin PBXFrameworksBuildPhase section */
		4426C89D23B682C700DE03BE /* Frameworks */ = {
			isa = PBXFrameworksBuildPhase;
			buildActionMask = 2147483647;
			files = (
				0405BED223B775DC00AA2880 /* MapKit.framework in Frameworks */,
				E070E7E46282CF496115CF01 /* Pods_onMap.framework in Frameworks */,
			);
			runOnlyForDeploymentPostprocessing = 0;
		};
		4426C8B123B682C900DE03BE /* Frameworks */ = {
			isa = PBXFrameworksBuildPhase;
			buildActionMask = 2147483647;
			files = (
				B07BA8863C9F7AE0908CC3CD /* Pods_onMap_onMapTests.framework in Frameworks */,
			);
			runOnlyForDeploymentPostprocessing = 0;
		};
		4426C8BC23B682C900DE03BE /* Frameworks */ = {
			isa = PBXFrameworksBuildPhase;
			buildActionMask = 2147483647;
			files = (
				67DC022DFC9C4F8D64C44B42 /* Pods_onMap_onMapUITests.framework in Frameworks */,
			);
			runOnlyForDeploymentPostprocessing = 0;
		};
/* End PBXFrameworksBuildPhase section */

/* Begin PBXGroup section */
		0405BEBF23B76F9C00AA2880 /* Settings */ = {
			isa = PBXGroup;
			children = (
				0405BEC123B76FC400AA2880 /* SettingsOnMap.swift */,
			);
			path = Settings;
			sourceTree = "<group>";
		};
		0405BEC023B76FAB00AA2880 /* Messenger */ = {
			isa = PBXGroup;
			children = (
				0418FDA123B796D9004F6200 /* ChatInfo.swift */,
				0418FDA323B796F4004F6200 /* ChatRoom.swift */,
				0418FDA523B79710004F6200 /* FirestoreMessenger.swift */,
				0418FDA723B79724004F6200 /* MessengerOnMap.swift */,
			);
			path = Messenger;
			sourceTree = "<group>";
		};
		0405BEC323B7708D00AA2880 /* Map */ = {
			isa = PBXGroup;
			children = (
				0405BED523B7760500AA2880 /* MapViewController.storyboard */,
				0405BED323B775F300AA2880 /* MapViewController.swift */,
				0418FDA923B79853004F6200 /* PinChat.swift */,
			);
			path = Map;
			sourceTree = "<group>";
		};
		0405BEC423B7709200AA2880 /* Settings */ = {
			isa = PBXGroup;
			children = (
				0405BED923B7778700AA2880 /* SettingsViewController.storyboard */,
				0405BED723B7774D00AA2880 /* SettingsViewController.swift */,
			);
			path = Settings;
			sourceTree = "<group>";
		};
		0405BEC523B770CC00AA2880 /* Login */ = {
			isa = PBXGroup;
			children = (
				441F97C123BD7484009858EA /* LoginViewController.storyboard */,
				441F97BF23BD7483009858EA /* LoginViewController.swift */,
				441F97BE23BD7483009858EA /* InterFaceExtensions.swift */,
				441F97CA23BD74AF009858EA /* ConstantsWithAnimations.swift */,
				441F97C023BD7484009858EA /* CustomAnimations.swift */,
			);
			path = Login;
			sourceTree = "<group>";
		};
		0405BEC623B770DB00AA2880 /* Account */ = {
			isa = PBXGroup;
			children = (
				441A83DC23C804C300383F53 /* Storyboards */,
				441F97CD23BD74C3009858EA /* AccountViewController.swift */,
				441A83C823C68F6F00383F53 /* AccountTableViewExtension.swift */,
				441A83CA23C72B6C00383F53 /* PhotoPickerExtension.swift */,
				441A83CC23C7394C00383F53 /* ChooseActionWithPhotoController.swift */,
				441A83D023C7580A00383F53 /* ChangePhoneViewController.swift */,
				441A83D423C7EDEC00383F53 /* NewPhoneViewController.swift */,
				441A83D823C7F84A00383F53 /* UpdateEmailDeleteAccountViewController.swift */,
				446C6CDC23CB3B5000186D49 /* AnyAccountViewController.swift */,
			);
			path = Account;
			sourceTree = "<group>";
		};
		043B47C723B690100083ABAC /* Framework */ = {
			isa = PBXGroup;
			children = (
				441F97B323BD73B8009858EA /* Registration */,
				441F97B223BD73A5009858EA /* Login */,
				043EB4D923BBAD0300BEFC4A /* Notifications */,
				447FF79C23B7AB8B0004091B /* Account */,
				0405BEC023B76FAB00AA2880 /* Messenger */,
				0405BEBF23B76F9C00AA2880 /* Settings */,
			);
			path = Framework;
			sourceTree = "<group>";
		};
		043B47C823B690170083ABAC /* ViewControllers */ = {
			isa = PBXGroup;
			children = (
				048C6F2A23BB8C060028A908 /* ChatRoom */,
				447FF76F23B7A93D0004091B /* Registration */,
				0405BEC523B770CC00AA2880 /* Login */,
				0405BEC623B770DB00AA2880 /* Account */,
				0405BEC323B7708D00AA2880 /* Map */,
				0405BEC423B7709200AA2880 /* Settings */,
			);
			path = ViewControllers;
			sourceTree = "<group>";
		};
		043EB4D923BBAD0300BEFC4A /* Notifications */ = {
			isa = PBXGroup;
			children = (
				043EB4DB23BBAD3800BEFC4A /* LocalNotifications.swift */,
			);
			path = Notifications;
			sourceTree = "<group>";
		};
		048C6F2A23BB8C060028A908 /* ChatRoom */ = {
			isa = PBXGroup;
			children = (
				048C6F2D23BB8C580028A908 /* ChatRoomViewController.storyboard */,
				048C6F2B23BB8C460028A908 /* ChatRoomViewController.swift */,
				049E22C323CB8564002C9EBC /* ModelChatRoom.swift */,
				048C6F2F23BB8C9B0028A908 /* MessageCell.swift */,
				048C6F3123BB95830028A908 /* OtherMessageTableViewCell.swift */,
				048C6F3223BB95830028A908 /* OtherMessageTableViewCell.xib */,
				048C6F3523BB95980028A908 /* MyMessageTableViewCell.swift */,
				048C6F3623BB95980028A908 /* MyMessageTableViewCell.xib */,
			);
			path = ChatRoom;
			sourceTree = "<group>";
		};
		3DC71A3901D2889BB9C1F1C1 /* Frameworks */ = {
			isa = PBXGroup;
			children = (
				0405BED123B775DC00AA2880 /* MapKit.framework */,
				0FF7B4E7B1571EC4A1802369 /* Pods_onMap.framework */,
				BC83340DE9FF3394E5F23E95 /* Pods_onMap_onMapTests.framework */,
				3DE5F36482631ECF39940CF3 /* Pods_onMap_onMapUITests.framework */,
			);
			name = Frameworks;
			sourceTree = "<group>";
		};
		441A83DC23C804C300383F53 /* Storyboards */ = {
			isa = PBXGroup;
			children = (
				441F97CC23BD74C2009858EA /* AccountViewController.storyboard */,
				441A83CE23C739FE00383F53 /* ChooseActionWithPhotoController.storyboard */,
				441A83D223C759D800383F53 /* ChangePhoneViewController.storyboard */,
				441A83D623C7EF3100383F53 /* NewPhoneViewController.storyboard */,
				441A83DA23C7F86100383F53 /* UpdateEmailDeleteAccountViewController.storyboard */,
			);
			path = Storyboards;
			sourceTree = "<group>";
		};
		441F97B223BD73A5009858EA /* Login */ = {
			isa = PBXGroup;
			children = (
				441F97B623BD7447009858EA /* LoginNetworking.swift */,
			);
			path = Login;
			sourceTree = "<group>";
		};
		441F97B323BD73B8009858EA /* Registration */ = {
			isa = PBXGroup;
			children = (
				441F97B823BD745C009858EA /* NetworkingService.swift */,
				441F97B923BD745C009858EA /* PhotoNetworking.swift */,
				441F97BA23BD745C009858EA /* User.swift */,
			);
			path = Registration;
			sourceTree = "<group>";
		};
		4426C89723B682C700DE03BE = {
			isa = PBXGroup;
			children = (
				4426C8A223B682C700DE03BE /* onMap */,
				4426C8B723B682C900DE03BE /* onMapTests */,
				4426C8C223B682C900DE03BE /* onMapUITests */,
				4426C8A123B682C700DE03BE /* Products */,
				7E66EECBC0C997329D14BCCA /* Pods */,
				3DC71A3901D2889BB9C1F1C1 /* Frameworks */,
			);
			sourceTree = "<group>";
		};
		4426C8A123B682C700DE03BE /* Products */ = {
			isa = PBXGroup;
			children = (
				4426C8A023B682C700DE03BE /* onMap.app */,
				4426C8B423B682C900DE03BE /* onMapTests.xctest */,
				4426C8BF23B682C900DE03BE /* onMapUITests.xctest */,
			);
			name = Products;
			sourceTree = "<group>";
		};
		4426C8A223B682C700DE03BE /* onMap */ = {
			isa = PBXGroup;
			children = (
				4426C8A323B682C700DE03BE /* AppDelegate.swift */,
				4426C8A723B682C700DE03BE /* Main.storyboard */,
				4426C8AA23B682C900DE03BE /* Assets.xcassets */,
				4426C8AC23B682C900DE03BE /* LaunchScreen.storyboard */,
				043B47C723B690100083ABAC /* Framework */,
				043B47C823B690170083ABAC /* ViewControllers */,
				441F97E123BD763C009858EA /* 16862.otf */,
				04AAFAEA23CB503100110813 /* GoogleService-Info.plist */,
				4426C8AF23B682C900DE03BE /* Info.plist */,
			);
			path = onMap;
			sourceTree = "<group>";
		};
		4426C8B723B682C900DE03BE /* onMapTests */ = {
			isa = PBXGroup;
			children = (
				4426C8B823B682C900DE03BE /* onMapTests.swift */,
				0412280523C8AFB1009C36CF /* MessengerMock.swift */,
				4426C8BA23B682C900DE03BE /* Info.plist */,
			);
			path = onMapTests;
			sourceTree = "<group>";
		};
		4426C8C223B682C900DE03BE /* onMapUITests */ = {
			isa = PBXGroup;
			children = (
				4426C8C323B682C900DE03BE /* onMapUITests.swift */,
				4426C8C523B682C900DE03BE /* Info.plist */,
			);
			path = onMapUITests;
			sourceTree = "<group>";
		};
		447FF76F23B7A93D0004091B /* Registration */ = {
			isa = PBXGroup;
			children = (
				448C9E9D23BE4A9600469E94 /* PhoneAuthViewContoller.swift */,
				441A83DD23C805B200383F53 /* PhoneAuthSB.storyboard */,
			);
			path = Registration;
			sourceTree = "<group>";
		};
		447FF79C23B7AB8B0004091B /* Account */ = {
			isa = PBXGroup;
			children = (
				446C6CE023CB458800186D49 /* People.swift */,
				446C6CDE23CB44E200186D49 /* AccountLocalStorage.swift */,
				441F97B423BD7416009858EA /* Account.swift */,
			);
			path = Account;
			sourceTree = "<group>";
		};
		7E66EECBC0C997329D14BCCA /* Pods */ = {
			isa = PBXGroup;
			children = (
				2E7DBF1A8C922F1C76E0107F /* Pods-onMap.debug.xcconfig */,
				9AE04F5416D3FCDA12405011 /* Pods-onMap.release.xcconfig */,
				5422A8C7CA791931FAA4EC0B /* Pods-onMap-onMapTests.debug.xcconfig */,
				EEFF4EF08D0688E93BF8C7CF /* Pods-onMap-onMapTests.release.xcconfig */,
				F2AA6E9F8927DFA28B1130EE /* Pods-onMap-onMapUITests.debug.xcconfig */,
				2DE1D38C1F2E2DA5BE15BE53 /* Pods-onMap-onMapUITests.release.xcconfig */,
			);
			path = Pods;
			sourceTree = "<group>";
		};
/* End PBXGroup section */

/* Begin PBXNativeTarget section */
		4426C89F23B682C700DE03BE /* onMap */ = {
			isa = PBXNativeTarget;
			buildConfigurationList = 4426C8C823B682C900DE03BE /* Build configuration list for PBXNativeTarget "onMap" */;
			buildPhases = (
				EB25620E1DBA6B83F3B16C79 /* [CP] Check Pods Manifest.lock */,
				4426C89C23B682C700DE03BE /* Sources */,
				4426C89D23B682C700DE03BE /* Frameworks */,
				4426C89E23B682C700DE03BE /* Resources */,
				9C78FD6B1545F33859FCC980 /* [CP] Embed Pods Frameworks */,
			);
			buildRules = (
			);
			dependencies = (
			);
			name = onMap;
			productName = onMap;
			productReference = 4426C8A023B682C700DE03BE /* onMap.app */;
			productType = "com.apple.product-type.application";
		};
		4426C8B323B682C900DE03BE /* onMapTests */ = {
			isa = PBXNativeTarget;
			buildConfigurationList = 4426C8CB23B682C900DE03BE /* Build configuration list for PBXNativeTarget "onMapTests" */;
			buildPhases = (
				98AE0B867B25BB12AF5B640A /* [CP] Check Pods Manifest.lock */,
				4426C8B023B682C900DE03BE /* Sources */,
				4426C8B123B682C900DE03BE /* Frameworks */,
				4426C8B223B682C900DE03BE /* Resources */,
				0F93591A091FE65C457BF33B /* [CP] Embed Pods Frameworks */,
			);
			buildRules = (
			);
			dependencies = (
				4426C8B623B682C900DE03BE /* PBXTargetDependency */,
			);
			name = onMapTests;
			productName = onMapTests;
			productReference = 4426C8B423B682C900DE03BE /* onMapTests.xctest */;
			productType = "com.apple.product-type.bundle.unit-test";
		};
		4426C8BE23B682C900DE03BE /* onMapUITests */ = {
			isa = PBXNativeTarget;
			buildConfigurationList = 4426C8CE23B682C900DE03BE /* Build configuration list for PBXNativeTarget "onMapUITests" */;
			buildPhases = (
				DA3E89264B9F36E9E4F41822 /* [CP] Check Pods Manifest.lock */,
				4426C8BB23B682C900DE03BE /* Sources */,
				4426C8BC23B682C900DE03BE /* Frameworks */,
				4426C8BD23B682C900DE03BE /* Resources */,
				D647E066276B9DB88C25260F /* [CP] Embed Pods Frameworks */,
			);
			buildRules = (
			);
			dependencies = (
				4426C8C123B682C900DE03BE /* PBXTargetDependency */,
			);
			name = onMapUITests;
			productName = onMapUITests;
			productReference = 4426C8BF23B682C900DE03BE /* onMapUITests.xctest */;
			productType = "com.apple.product-type.bundle.ui-testing";
		};
/* End PBXNativeTarget section */

/* Begin PBXProject section */
		4426C89823B682C700DE03BE /* Project object */ = {
			isa = PBXProject;
			attributes = {
				LastSwiftUpdateCheck = 1130;
				LastUpgradeCheck = 1030;
				ORGANIZATIONNAME = onMap;
				TargetAttributes = {
					4426C89F23B682C700DE03BE = {
						CreatedOnToolsVersion = 10.3;
					};
					4426C8B323B682C900DE03BE = {
						CreatedOnToolsVersion = 10.3;
						TestTargetID = 4426C89F23B682C700DE03BE;
					};
					4426C8BE23B682C900DE03BE = {
						CreatedOnToolsVersion = 10.3;
						TestTargetID = 4426C89F23B682C700DE03BE;
					};
				};
			};
			buildConfigurationList = 4426C89B23B682C700DE03BE /* Build configuration list for PBXProject "onMap" */;
			compatibilityVersion = "Xcode 9.3";
			developmentRegion = en;
			hasScannedForEncodings = 0;
			knownRegions = (
				en,
				Base,
			);
			mainGroup = 4426C89723B682C700DE03BE;
			productRefGroup = 4426C8A123B682C700DE03BE /* Products */;
			projectDirPath = "";
			projectRoot = "";
			targets = (
				4426C89F23B682C700DE03BE /* onMap */,
				4426C8B323B682C900DE03BE /* onMapTests */,
				4426C8BE23B682C900DE03BE /* onMapUITests */,
			);
		};
/* End PBXProject section */

/* Begin PBXResourcesBuildPhase section */
		4426C89E23B682C700DE03BE /* Resources */ = {
			isa = PBXResourcesBuildPhase;
			buildActionMask = 2147483647;
			files = (
				441A83DE23C805B200383F53 /* PhoneAuthSB.storyboard in Resources */,
				441A83CF23C739FE00383F53 /* ChooseActionWithPhotoController.storyboard in Resources */,
				048C6F3423BB95830028A908 /* OtherMessageTableViewCell.xib in Resources */,
				0405BEDA23B7778700AA2880 /* SettingsViewController.storyboard in Resources */,
				441F97D023BD74C3009858EA /* AccountViewController.storyboard in Resources */,
				441A83D723C7EF3100383F53 /* NewPhoneViewController.storyboard in Resources */,
				4426C8AE23B682C900DE03BE /* LaunchScreen.storyboard in Resources */,
				048C6F3823BB95980028A908 /* MyMessageTableViewCell.xib in Resources */,
				441A83D323C759D800383F53 /* ChangePhoneViewController.storyboard in Resources */,
				441A83DB23C7F86100383F53 /* UpdateEmailDeleteAccountViewController.storyboard in Resources */,
				048C6F2E23BB8C580028A908 /* ChatRoomViewController.storyboard in Resources */,
				4426C8AB23B682C900DE03BE /* Assets.xcassets in Resources */,
				04AAFAEB23CB503100110813 /* GoogleService-Info.plist in Resources */,
				441F97C523BD7484009858EA /* LoginViewController.storyboard in Resources */,
				4426C8A923B682C700DE03BE /* Main.storyboard in Resources */,
				441F97E223BD763C009858EA /* 16862.otf in Resources */,
				0405BED623B7760500AA2880 /* MapViewController.storyboard in Resources */,
			);
			runOnlyForDeploymentPostprocessing = 0;
		};
		4426C8B223B682C900DE03BE /* Resources */ = {
			isa = PBXResourcesBuildPhase;
			buildActionMask = 2147483647;
			files = (
				04AAFAEC23CB503100110813 /* GoogleService-Info.plist in Resources */,
			);
			runOnlyForDeploymentPostprocessing = 0;
		};
		4426C8BD23B682C900DE03BE /* Resources */ = {
			isa = PBXResourcesBuildPhase;
			buildActionMask = 2147483647;
			files = (
			);
			runOnlyForDeploymentPostprocessing = 0;
		};
/* End PBXResourcesBuildPhase section */

/* Begin PBXShellScriptBuildPhase section */
		0F93591A091FE65C457BF33B /* [CP] Embed Pods Frameworks */ = {
			isa = PBXShellScriptBuildPhase;
			buildActionMask = 2147483647;
			files = (
			);
			inputFileListPaths = (
				"${PODS_ROOT}/Target Support Files/Pods-onMap-onMapTests/Pods-onMap-onMapTests-frameworks-${CONFIGURATION}-input-files.xcfilelist",
			);
			name = "[CP] Embed Pods Frameworks";
			outputFileListPaths = (
				"${PODS_ROOT}/Target Support Files/Pods-onMap-onMapTests/Pods-onMap-onMapTests-frameworks-${CONFIGURATION}-output-files.xcfilelist",
			);
			runOnlyForDeploymentPostprocessing = 0;
			shellPath = /bin/sh;
			shellScript = "\"${PODS_ROOT}/Target Support Files/Pods-onMap-onMapTests/Pods-onMap-onMapTests-frameworks.sh\"\n";
			showEnvVarsInLog = 0;
		};
		98AE0B867B25BB12AF5B640A /* [CP] Check Pods Manifest.lock */ = {
			isa = PBXShellScriptBuildPhase;
			buildActionMask = 2147483647;
			files = (
			);
			inputFileListPaths = (
			);
			inputPaths = (
				"${PODS_PODFILE_DIR_PATH}/Podfile.lock",
				"${PODS_ROOT}/Manifest.lock",
			);
			name = "[CP] Check Pods Manifest.lock";
			outputFileListPaths = (
			);
			outputPaths = (
				"$(DERIVED_FILE_DIR)/Pods-onMap-onMapTests-checkManifestLockResult.txt",
			);
			runOnlyForDeploymentPostprocessing = 0;
			shellPath = /bin/sh;
			shellScript = "diff \"${PODS_PODFILE_DIR_PATH}/Podfile.lock\" \"${PODS_ROOT}/Manifest.lock\" > /dev/null\nif [ $? != 0 ] ; then\n    # print error to STDERR\n    echo \"error: The sandbox is not in sync with the Podfile.lock. Run 'pod install' or update your CocoaPods installation.\" >&2\n    exit 1\nfi\n# This output is used by Xcode 'outputs' to avoid re-running this script phase.\necho \"SUCCESS\" > \"${SCRIPT_OUTPUT_FILE_0}\"\n";
			showEnvVarsInLog = 0;
		};
		9C78FD6B1545F33859FCC980 /* [CP] Embed Pods Frameworks */ = {
			isa = PBXShellScriptBuildPhase;
			buildActionMask = 2147483647;
			files = (
			);
			inputFileListPaths = (
				"${PODS_ROOT}/Target Support Files/Pods-onMap/Pods-onMap-frameworks-${CONFIGURATION}-input-files.xcfilelist",
			);
			name = "[CP] Embed Pods Frameworks";
			outputFileListPaths = (
				"${PODS_ROOT}/Target Support Files/Pods-onMap/Pods-onMap-frameworks-${CONFIGURATION}-output-files.xcfilelist",
			);
			runOnlyForDeploymentPostprocessing = 0;
			shellPath = /bin/sh;
			shellScript = "\"${PODS_ROOT}/Target Support Files/Pods-onMap/Pods-onMap-frameworks.sh\"\n";
			showEnvVarsInLog = 0;
		};
		D647E066276B9DB88C25260F /* [CP] Embed Pods Frameworks */ = {
			isa = PBXShellScriptBuildPhase;
			buildActionMask = 2147483647;
			files = (
			);
			inputFileListPaths = (
				"${PODS_ROOT}/Target Support Files/Pods-onMap-onMapUITests/Pods-onMap-onMapUITests-frameworks-${CONFIGURATION}-input-files.xcfilelist",
			);
			name = "[CP] Embed Pods Frameworks";
			outputFileListPaths = (
				"${PODS_ROOT}/Target Support Files/Pods-onMap-onMapUITests/Pods-onMap-onMapUITests-frameworks-${CONFIGURATION}-output-files.xcfilelist",
			);
			runOnlyForDeploymentPostprocessing = 0;
			shellPath = /bin/sh;
			shellScript = "\"${PODS_ROOT}/Target Support Files/Pods-onMap-onMapUITests/Pods-onMap-onMapUITests-frameworks.sh\"\n";
			showEnvVarsInLog = 0;
		};
		DA3E89264B9F36E9E4F41822 /* [CP] Check Pods Manifest.lock */ = {
			isa = PBXShellScriptBuildPhase;
			buildActionMask = 2147483647;
			files = (
			);
			inputFileListPaths = (
			);
			inputPaths = (
				"${PODS_PODFILE_DIR_PATH}/Podfile.lock",
				"${PODS_ROOT}/Manifest.lock",
			);
			name = "[CP] Check Pods Manifest.lock";
			outputFileListPaths = (
			);
			outputPaths = (
				"$(DERIVED_FILE_DIR)/Pods-onMap-onMapUITests-checkManifestLockResult.txt",
			);
			runOnlyForDeploymentPostprocessing = 0;
			shellPath = /bin/sh;
			shellScript = "diff \"${PODS_PODFILE_DIR_PATH}/Podfile.lock\" \"${PODS_ROOT}/Manifest.lock\" > /dev/null\nif [ $? != 0 ] ; then\n    # print error to STDERR\n    echo \"error: The sandbox is not in sync with the Podfile.lock. Run 'pod install' or update your CocoaPods installation.\" >&2\n    exit 1\nfi\n# This output is used by Xcode 'outputs' to avoid re-running this script phase.\necho \"SUCCESS\" > \"${SCRIPT_OUTPUT_FILE_0}\"\n";
			showEnvVarsInLog = 0;
		};
		EB25620E1DBA6B83F3B16C79 /* [CP] Check Pods Manifest.lock */ = {
			isa = PBXShellScriptBuildPhase;
			buildActionMask = 2147483647;
			files = (
			);
			inputFileListPaths = (
			);
			inputPaths = (
				"${PODS_PODFILE_DIR_PATH}/Podfile.lock",
				"${PODS_ROOT}/Manifest.lock",
			);
			name = "[CP] Check Pods Manifest.lock";
			outputFileListPaths = (
			);
			outputPaths = (
				"$(DERIVED_FILE_DIR)/Pods-onMap-checkManifestLockResult.txt",
			);
			runOnlyForDeploymentPostprocessing = 0;
			shellPath = /bin/sh;
			shellScript = "diff \"${PODS_PODFILE_DIR_PATH}/Podfile.lock\" \"${PODS_ROOT}/Manifest.lock\" > /dev/null\nif [ $? != 0 ] ; then\n    # print error to STDERR\n    echo \"error: The sandbox is not in sync with the Podfile.lock. Run 'pod install' or update your CocoaPods installation.\" >&2\n    exit 1\nfi\n# This output is used by Xcode 'outputs' to avoid re-running this script phase.\necho \"SUCCESS\" > \"${SCRIPT_OUTPUT_FILE_0}\"\n";
			showEnvVarsInLog = 0;
		};
/* End PBXShellScriptBuildPhase section */

/* Begin PBXSourcesBuildPhase section */
		4426C89C23B682C700DE03BE /* Sources */ = {
			isa = PBXSourcesBuildPhase;
			buildActionMask = 2147483647;
			files = (
				441A83CB23C72B6C00383F53 /* PhotoPickerExtension.swift in Sources */,
				0418FDAA23B79853004F6200 /* PinChat.swift in Sources */,
				441F97D123BD74C3009858EA /* AccountViewController.swift in Sources */,
				049E22C423CB8564002C9EBC /* ModelChatRoom.swift in Sources */,
				0405BED423B775F300AA2880 /* MapViewController.swift in Sources */,
				441F97BB23BD745C009858EA /* NetworkingService.swift in Sources */,
				043EB4DC23BBAD3800BEFC4A /* LocalNotifications.swift in Sources */,
				441F97C423BD7484009858EA /* CustomAnimations.swift in Sources */,
				0405BED823B7774D00AA2880 /* SettingsViewController.swift in Sources */,
				441F97B523BD7416009858EA /* Account.swift in Sources */,
				0418FDA223B796D9004F6200 /* ChatInfo.swift in Sources */,
				448C9E9E23BE4A9600469E94 /* PhoneAuthViewContoller.swift in Sources */,
				441F97BD23BD745C009858EA /* User.swift in Sources */,
				441A83D523C7EDEC00383F53 /* NewPhoneViewController.swift in Sources */,
				441F97B723BD7447009858EA /* LoginNetworking.swift in Sources */,
				446C6CDF23CB44E200186D49 /* AccountLocalStorage.swift in Sources */,
				441A83C923C68F6F00383F53 /* AccountTableViewExtension.swift in Sources */,
				441A83D923C7F84A00383F53 /* UpdateEmailDeleteAccountViewController.swift in Sources */,
				441A83CD23C7394C00383F53 /* ChooseActionWithPhotoController.swift in Sources */,
				441F97C323BD7484009858EA /* LoginViewController.swift in Sources */,
				441F97BC23BD745C009858EA /* PhotoNetworking.swift in Sources */,
				441F97C223BD7484009858EA /* InterFaceExtensions.swift in Sources */,
				048C6F3023BB8C9B0028A908 /* MessageCell.swift in Sources */,
				048C6F2C23BB8C460028A908 /* ChatRoomViewController.swift in Sources */,
				048C6F3723BB95980028A908 /* MyMessageTableViewCell.swift in Sources */,
				0405BEC223B76FC400AA2880 /* SettingsOnMap.swift in Sources */,
				0418FDA423B796F4004F6200 /* ChatRoom.swift in Sources */,
				0418FDA623B79710004F6200 /* FirestoreMessenger.swift in Sources */,
				4426C8A423B682C700DE03BE /* AppDelegate.swift in Sources */,
				446C6CDD23CB3B5000186D49 /* AnyAccountViewController.swift in Sources */,
				0418FDA823B79724004F6200 /* MessengerOnMap.swift in Sources */,
				441F97CB23BD74AF009858EA /* ConstantsWithAnimations.swift in Sources */,
				441A83D123C7580A00383F53 /* ChangePhoneViewController.swift in Sources */,
				048C6F3323BB95830028A908 /* OtherMessageTableViewCell.swift in Sources */,
				446C6CE123CB458800186D49 /* People.swift in Sources */,
			);
			runOnlyForDeploymentPostprocessing = 0;
		};
		4426C8B023B682C900DE03BE /* Sources */ = {
			isa = PBXSourcesBuildPhase;
			buildActionMask = 2147483647;
			files = (
				4426C8B923B682C900DE03BE /* onMapTests.swift in Sources */,
				0412280623C8AFB1009C36CF /* MessengerMock.swift in Sources */,
			);
			runOnlyForDeploymentPostprocessing = 0;
		};
		4426C8BB23B682C900DE03BE /* Sources */ = {
			isa = PBXSourcesBuildPhase;
			buildActionMask = 2147483647;
			files = (
				4426C8C423B682C900DE03BE /* onMapUITests.swift in Sources */,
			);
			runOnlyForDeploymentPostprocessing = 0;
		};
/* End PBXSourcesBuildPhase section */

/* Begin PBXTargetDependency section */
		4426C8B623B682C900DE03BE /* PBXTargetDependency */ = {
			isa = PBXTargetDependency;
			target = 4426C89F23B682C700DE03BE /* onMap */;
			targetProxy = 4426C8B523B682C900DE03BE /* PBXContainerItemProxy */;
		};
		4426C8C123B682C900DE03BE /* PBXTargetDependency */ = {
			isa = PBXTargetDependency;
			target = 4426C89F23B682C700DE03BE /* onMap */;
			targetProxy = 4426C8C023B682C900DE03BE /* PBXContainerItemProxy */;
		};
/* End PBXTargetDependency section */

/* Begin PBXVariantGroup section */
		4426C8A723B682C700DE03BE /* Main.storyboard */ = {
			isa = PBXVariantGroup;
			children = (
				4426C8A823B682C700DE03BE /* Base */,
			);
			name = Main.storyboard;
			sourceTree = "<group>";
		};
		4426C8AC23B682C900DE03BE /* LaunchScreen.storyboard */ = {
			isa = PBXVariantGroup;
			children = (
				4426C8AD23B682C900DE03BE /* Base */,
			);
			name = LaunchScreen.storyboard;
			sourceTree = "<group>";
		};
/* End PBXVariantGroup section */

/* Begin XCBuildConfiguration section */
		4426C8C623B682C900DE03BE /* Debug */ = {
			isa = XCBuildConfiguration;
			buildSettings = {
				ALWAYS_SEARCH_USER_PATHS = NO;
				CLANG_ANALYZER_NONNULL = YES;
				CLANG_ANALYZER_NUMBER_OBJECT_CONVERSION = YES_AGGRESSIVE;
				CLANG_CXX_LANGUAGE_STANDARD = "gnu++14";
				CLANG_CXX_LIBRARY = "libc++";
				CLANG_ENABLE_MODULES = YES;
				CLANG_ENABLE_OBJC_ARC = YES;
				CLANG_ENABLE_OBJC_WEAK = YES;
				CLANG_WARN_BLOCK_CAPTURE_AUTORELEASING = YES;
				CLANG_WARN_BOOL_CONVERSION = YES;
				CLANG_WARN_COMMA = YES;
				CLANG_WARN_CONSTANT_CONVERSION = YES;
				CLANG_WARN_DEPRECATED_OBJC_IMPLEMENTATIONS = YES;
				CLANG_WARN_DIRECT_OBJC_ISA_USAGE = YES_ERROR;
				CLANG_WARN_DOCUMENTATION_COMMENTS = YES;
				CLANG_WARN_EMPTY_BODY = YES;
				CLANG_WARN_ENUM_CONVERSION = YES;
				CLANG_WARN_INFINITE_RECURSION = YES;
				CLANG_WARN_INT_CONVERSION = YES;
				CLANG_WARN_NON_LITERAL_NULL_CONVERSION = YES;
				CLANG_WARN_OBJC_IMPLICIT_RETAIN_SELF = YES;
				CLANG_WARN_OBJC_LITERAL_CONVERSION = YES;
				CLANG_WARN_OBJC_ROOT_CLASS = YES_ERROR;
				CLANG_WARN_RANGE_LOOP_ANALYSIS = YES;
				CLANG_WARN_STRICT_PROTOTYPES = YES;
				CLANG_WARN_SUSPICIOUS_MOVE = YES;
				CLANG_WARN_UNGUARDED_AVAILABILITY = YES_AGGRESSIVE;
				CLANG_WARN_UNREACHABLE_CODE = YES;
				CLANG_WARN__DUPLICATE_METHOD_MATCH = YES;
				CODE_SIGN_IDENTITY = "iPhone Developer";
				COPY_PHASE_STRIP = NO;
				DEBUG_INFORMATION_FORMAT = dwarf;
				ENABLE_STRICT_OBJC_MSGSEND = YES;
				ENABLE_TESTABILITY = YES;
				GCC_C_LANGUAGE_STANDARD = gnu11;
				GCC_DYNAMIC_NO_PIC = NO;
				GCC_NO_COMMON_BLOCKS = YES;
				GCC_OPTIMIZATION_LEVEL = 0;
				GCC_PREPROCESSOR_DEFINITIONS = (
					"DEBUG=1",
					"$(inherited)",
				);
				GCC_WARN_64_TO_32_BIT_CONVERSION = YES;
				GCC_WARN_ABOUT_RETURN_TYPE = YES_ERROR;
				GCC_WARN_UNDECLARED_SELECTOR = YES;
				GCC_WARN_UNINITIALIZED_AUTOS = YES_AGGRESSIVE;
				GCC_WARN_UNUSED_FUNCTION = YES;
				GCC_WARN_UNUSED_VARIABLE = YES;
				IPHONEOS_DEPLOYMENT_TARGET = 13.0;
				MTL_ENABLE_DEBUG_INFO = INCLUDE_SOURCE;
				MTL_FAST_MATH = YES;
				ONLY_ACTIVE_ARCH = YES;
				SDKROOT = iphoneos;
				SWIFT_ACTIVE_COMPILATION_CONDITIONS = DEBUG;
				SWIFT_OPTIMIZATION_LEVEL = "-Onone";
			};
			name = Debug;
		};
		4426C8C723B682C900DE03BE /* Release */ = {
			isa = XCBuildConfiguration;
			buildSettings = {
				ALWAYS_SEARCH_USER_PATHS = NO;
				CLANG_ANALYZER_NONNULL = YES;
				CLANG_ANALYZER_NUMBER_OBJECT_CONVERSION = YES_AGGRESSIVE;
				CLANG_CXX_LANGUAGE_STANDARD = "gnu++14";
				CLANG_CXX_LIBRARY = "libc++";
				CLANG_ENABLE_MODULES = YES;
				CLANG_ENABLE_OBJC_ARC = YES;
				CLANG_ENABLE_OBJC_WEAK = YES;
				CLANG_WARN_BLOCK_CAPTURE_AUTORELEASING = YES;
				CLANG_WARN_BOOL_CONVERSION = YES;
				CLANG_WARN_COMMA = YES;
				CLANG_WARN_CONSTANT_CONVERSION = YES;
				CLANG_WARN_DEPRECATED_OBJC_IMPLEMENTATIONS = YES;
				CLANG_WARN_DIRECT_OBJC_ISA_USAGE = YES_ERROR;
				CLANG_WARN_DOCUMENTATION_COMMENTS = YES;
				CLANG_WARN_EMPTY_BODY = YES;
				CLANG_WARN_ENUM_CONVERSION = YES;
				CLANG_WARN_INFINITE_RECURSION = YES;
				CLANG_WARN_INT_CONVERSION = YES;
				CLANG_WARN_NON_LITERAL_NULL_CONVERSION = YES;
				CLANG_WARN_OBJC_IMPLICIT_RETAIN_SELF = YES;
				CLANG_WARN_OBJC_LITERAL_CONVERSION = YES;
				CLANG_WARN_OBJC_ROOT_CLASS = YES_ERROR;
				CLANG_WARN_RANGE_LOOP_ANALYSIS = YES;
				CLANG_WARN_STRICT_PROTOTYPES = YES;
				CLANG_WARN_SUSPICIOUS_MOVE = YES;
				CLANG_WARN_UNGUARDED_AVAILABILITY = YES_AGGRESSIVE;
				CLANG_WARN_UNREACHABLE_CODE = YES;
				CLANG_WARN__DUPLICATE_METHOD_MATCH = YES;
				CODE_SIGN_IDENTITY = "iPhone Developer";
				COPY_PHASE_STRIP = NO;
				DEBUG_INFORMATION_FORMAT = "dwarf-with-dsym";
				ENABLE_NS_ASSERTIONS = NO;
				ENABLE_STRICT_OBJC_MSGSEND = YES;
				GCC_C_LANGUAGE_STANDARD = gnu11;
				GCC_NO_COMMON_BLOCKS = YES;
				GCC_WARN_64_TO_32_BIT_CONVERSION = YES;
				GCC_WARN_ABOUT_RETURN_TYPE = YES_ERROR;
				GCC_WARN_UNDECLARED_SELECTOR = YES;
				GCC_WARN_UNINITIALIZED_AUTOS = YES_AGGRESSIVE;
				GCC_WARN_UNUSED_FUNCTION = YES;
				GCC_WARN_UNUSED_VARIABLE = YES;
				IPHONEOS_DEPLOYMENT_TARGET = 13.0;
				MTL_ENABLE_DEBUG_INFO = NO;
				MTL_FAST_MATH = YES;
				SDKROOT = iphoneos;
				SWIFT_COMPILATION_MODE = wholemodule;
				SWIFT_OPTIMIZATION_LEVEL = "-O";
				VALIDATE_PRODUCT = YES;
			};
			name = Release;
		};
		4426C8C923B682C900DE03BE /* Debug */ = {
			isa = XCBuildConfiguration;
			baseConfigurationReference = 2E7DBF1A8C922F1C76E0107F /* Pods-onMap.debug.xcconfig */;
			buildSettings = {
				ASSETCATALOG_COMPILER_APPICON_NAME = AppIcon;
				CODE_SIGN_STYLE = Automatic;
				DEVELOPMENT_TEAM = R9MA39W3RG;
				INFOPLIST_FILE = onMap/Info.plist;
				IPHONEOS_DEPLOYMENT_TARGET = 13.0;
				LD_RUNPATH_SEARCH_PATHS = (
					"$(inherited)",
					"@executable_path/Frameworks",
				);
				PRODUCT_BUNDLE_IDENTIFIER = onMapTeam.onMapRelease;
				PRODUCT_NAME = "$(TARGET_NAME)";
				SWIFT_VERSION = 5.0;
				TARGETED_DEVICE_FAMILY = "1,2";
			};
			name = Debug;
		};
		4426C8CA23B682C900DE03BE /* Release */ = {
			isa = XCBuildConfiguration;
			baseConfigurationReference = 9AE04F5416D3FCDA12405011 /* Pods-onMap.release.xcconfig */;
			buildSettings = {
				ASSETCATALOG_COMPILER_APPICON_NAME = AppIcon;
				CODE_SIGN_STYLE = Automatic;
				DEVELOPMENT_TEAM = R9MA39W3RG;
				INFOPLIST_FILE = onMap/Info.plist;
				IPHONEOS_DEPLOYMENT_TARGET = 13.0;
				LD_RUNPATH_SEARCH_PATHS = (
					"$(inherited)",
					"@executable_path/Frameworks",
				);
				PRODUCT_BUNDLE_IDENTIFIER = onMapTeam.onMapRelease;
				PRODUCT_NAME = "$(TARGET_NAME)";
				SWIFT_VERSION = 5.0;
				TARGETED_DEVICE_FAMILY = "1,2";
			};
			name = Release;
		};
		4426C8CC23B682C900DE03BE /* Debug */ = {
			isa = XCBuildConfiguration;
			baseConfigurationReference = 5422A8C7CA791931FAA4EC0B /* Pods-onMap-onMapTests.debug.xcconfig */;
			buildSettings = {
				ALWAYS_EMBED_SWIFT_STANDARD_LIBRARIES = YES;
				BUNDLE_LOADER = "$(TEST_HOST)";
				CODE_SIGN_STYLE = Automatic;
				DEVELOPMENT_TEAM = 3U55223VND;
				INFOPLIST_FILE = onMapTests/Info.plist;
				LD_RUNPATH_SEARCH_PATHS = (
					"$(inherited)",
					"@executable_path/Frameworks",
					"@loader_path/Frameworks",
				);
				PRODUCT_BUNDLE_IDENTIFIER = onMap.onMapTests;
				PRODUCT_NAME = "$(TARGET_NAME)";
				SWIFT_VERSION = 5.0;
				TARGETED_DEVICE_FAMILY = "1,2";
				TEST_HOST = "$(BUILT_PRODUCTS_DIR)/onMap.app/onMap";
			};
			name = Debug;
		};
		4426C8CD23B682C900DE03BE /* Release */ = {
			isa = XCBuildConfiguration;
			baseConfigurationReference = EEFF4EF08D0688E93BF8C7CF /* Pods-onMap-onMapTests.release.xcconfig */;
			buildSettings = {
				ALWAYS_EMBED_SWIFT_STANDARD_LIBRARIES = YES;
				BUNDLE_LOADER = "$(TEST_HOST)";
				CODE_SIGN_STYLE = Automatic;
				DEVELOPMENT_TEAM = R9MA39W3RG;
				INFOPLIST_FILE = onMapTests/Info.plist;
				LD_RUNPATH_SEARCH_PATHS = (
					"$(inherited)",
					"@executable_path/Frameworks",
					"@loader_path/Frameworks",
				);
				PRODUCT_BUNDLE_IDENTIFIER = onMap.onMapTests;
				PRODUCT_NAME = "$(TARGET_NAME)";
				SWIFT_VERSION = 5.0;
				TARGETED_DEVICE_FAMILY = "1,2";
				TEST_HOST = "$(BUILT_PRODUCTS_DIR)/onMap.app/onMap";
			};
			name = Release;
		};
		4426C8CF23B682C900DE03BE /* Debug */ = {
			isa = XCBuildConfiguration;
			baseConfigurationReference = F2AA6E9F8927DFA28B1130EE /* Pods-onMap-onMapUITests.debug.xcconfig */;
			buildSettings = {
				ALWAYS_EMBED_SWIFT_STANDARD_LIBRARIES = YES;
				CODE_SIGN_STYLE = Automatic;
				DEVELOPMENT_TEAM = 3U55223VND;
				INFOPLIST_FILE = onMapUITests/Info.plist;
				IPHONEOS_DEPLOYMENT_TARGET = 13.2;
				LD_RUNPATH_SEARCH_PATHS = (
					"$(inherited)",
					"@executable_path/Frameworks",
					"@loader_path/Frameworks",
				);
				PRODUCT_BUNDLE_IDENTIFIER = onMap.onMapUITests;
				PRODUCT_NAME = "$(TARGET_NAME)";
				SWIFT_VERSION = 5.0;
				TARGETED_DEVICE_FAMILY = "1,2";
				TEST_TARGET_NAME = onMap;
			};
			name = Debug;
		};
		4426C8D023B682C900DE03BE /* Release */ = {
			isa = XCBuildConfiguration;
			baseConfigurationReference = 2DE1D38C1F2E2DA5BE15BE53 /* Pods-onMap-onMapUITests.release.xcconfig */;
			buildSettings = {
				ALWAYS_EMBED_SWIFT_STANDARD_LIBRARIES = YES;
				CODE_SIGN_STYLE = Automatic;
				DEVELOPMENT_TEAM = R9MA39W3RG;
				INFOPLIST_FILE = onMapUITests/Info.plist;
				IPHONEOS_DEPLOYMENT_TARGET = 13.2;
				LD_RUNPATH_SEARCH_PATHS = (
					"$(inherited)",
					"@executable_path/Frameworks",
					"@loader_path/Frameworks",
				);
				PRODUCT_BUNDLE_IDENTIFIER = onMap.onMapUITests;
				PRODUCT_NAME = "$(TARGET_NAME)";
				SWIFT_VERSION = 5.0;
				TARGETED_DEVICE_FAMILY = "1,2";
				TEST_TARGET_NAME = onMap;
			};
			name = Release;
		};
/* End XCBuildConfiguration section */

/* Begin XCConfigurationList section */
		4426C89B23B682C700DE03BE /* Build configuration list for PBXProject "onMap" */ = {
			isa = XCConfigurationList;
			buildConfigurations = (
				4426C8C623B682C900DE03BE /* Debug */,
				4426C8C723B682C900DE03BE /* Release */,
			);
			defaultConfigurationIsVisible = 0;
			defaultConfigurationName = Release;
		};
		4426C8C823B682C900DE03BE /* Build configuration list for PBXNativeTarget "onMap" */ = {
			isa = XCConfigurationList;
			buildConfigurations = (
				4426C8C923B682C900DE03BE /* Debug */,
				4426C8CA23B682C900DE03BE /* Release */,
			);
			defaultConfigurationIsVisible = 0;
			defaultConfigurationName = Release;
		};
		4426C8CB23B682C900DE03BE /* Build configuration list for PBXNativeTarget "onMapTests" */ = {
			isa = XCConfigurationList;
			buildConfigurations = (
				4426C8CC23B682C900DE03BE /* Debug */,
				4426C8CD23B682C900DE03BE /* Release */,
			);
			defaultConfigurationIsVisible = 0;
			defaultConfigurationName = Release;
		};
		4426C8CE23B682C900DE03BE /* Build configuration list for PBXNativeTarget "onMapUITests" */ = {
			isa = XCConfigurationList;
			buildConfigurations = (
				4426C8CF23B682C900DE03BE /* Debug */,
				4426C8D023B682C900DE03BE /* Release */,
			);
			defaultConfigurationIsVisible = 0;
			defaultConfigurationName = Release;
		};
/* End XCConfigurationList section */
	};
	rootObject = 4426C89823B682C700DE03BE /* Project object */;
}
