// !$*UTF8*$!
{
	archiveVersion = 1;
	classes = {
	};
	objectVersion = 51;
	objects = {

/* Begin PBXBuildFile section */
		043B47C223B4E1E80083ABAC /* SettingsOnMap.swift in Sources */ = {isa = PBXBuildFile; fileRef = 043B47C123B4E1E80083ABAC /* SettingsOnMap.swift */; };
		045ADF92238F1B7500EC0067 /* ChatPointAnnotaion.swift in Sources */ = {isa = PBXBuildFile; fileRef = 045ADF91238F1B7500EC0067 /* ChatPointAnnotaion.swift */; };
		045ADF94238F8F5C00EC0067 /* MessageCell.swift in Sources */ = {isa = PBXBuildFile; fileRef = 045ADF93238F8F5C00EC0067 /* MessageCell.swift */; };
		046EAE3B2387205D00CBE825 /* LaunchScreen.storyboard in Resources */ = {isa = PBXBuildFile; fileRef = 046EAE3A2387205D00CBE825 /* LaunchScreen.storyboard */; };
		046EAE3D2388548A00CBE825 /* PinChat.swift in Sources */ = {isa = PBXBuildFile; fileRef = 046EAE3C2388548A00CBE825 /* PinChat.swift */; };
		046EAE3F23886B5700CBE825 /* MessengerOnMap.swift in Sources */ = {isa = PBXBuildFile; fileRef = 046EAE3E23886B5700CBE825 /* MessengerOnMap.swift */; };
		046EAE45238B126000CBE825 /* Tasks.swift in Sources */ = {isa = PBXBuildFile; fileRef = 046EAE44238B126000CBE825 /* Tasks.swift */; };
		046EAE49238BC1D900CBE825 /* ChatInfo.swift in Sources */ = {isa = PBXBuildFile; fileRef = 046EAE48238BC1D900CBE825 /* ChatInfo.swift */; };
		046EAE4B238BC40D00CBE825 /* ChatRoom.swift in Sources */ = {isa = PBXBuildFile; fileRef = 046EAE4A238BC40D00CBE825 /* ChatRoom.swift */; };
		046EAE4D238BC57600CBE825 /* FirestoreMessenger.swift in Sources */ = {isa = PBXBuildFile; fileRef = 046EAE4C238BC57600CBE825 /* FirestoreMessenger.swift */; };
		046EAE51238BD0E600CBE825 /* TestingChatsViewController.swift in Sources */ = {isa = PBXBuildFile; fileRef = 046EAE50238BD0E600CBE825 /* TestingChatsViewController.swift */; };
		046EAE53238BD15D00CBE825 /* TestChats.storyboard in Resources */ = {isa = PBXBuildFile; fileRef = 046EAE52238BD15D00CBE825 /* TestChats.storyboard */; };
		046EAE57238C265F00CBE825 /* DiscussionRoomViewController.swift in Sources */ = {isa = PBXBuildFile; fileRef = 046EAE56238C265F00CBE825 /* DiscussionRoomViewController.swift */; };
		046EAE59238C268D00CBE825 /* DiscussionRoom.storyboard in Resources */ = {isa = PBXBuildFile; fileRef = 046EAE58238C268D00CBE825 /* DiscussionRoom.storyboard */; };
		046EAE60238C47E400CBE825 /* OtherMessageTableViewCell.swift in Sources */ = {isa = PBXBuildFile; fileRef = 046EAE5E238C47E400CBE825 /* OtherMessageTableViewCell.swift */; };
		046EAE61238C47E400CBE825 /* OtherMessageTableViewCell.xib in Resources */ = {isa = PBXBuildFile; fileRef = 046EAE5F238C47E400CBE825 /* OtherMessageTableViewCell.xib */; };
		04780897238E51AB008D567B /* MyMessageTableViewCell.swift in Sources */ = {isa = PBXBuildFile; fileRef = 04780895238E51AB008D567B /* MyMessageTableViewCell.swift */; };
		04780898238E51AB008D567B /* MyMessageTableViewCell.xib in Resources */ = {isa = PBXBuildFile; fileRef = 04780896238E51AB008D567B /* MyMessageTableViewCell.xib */; };
		44122EF5236486A40045EE6A /* PickUpPhotoController.swift in Sources */ = {isa = PBXBuildFile; fileRef = 44122EF4236486A40045EE6A /* PickUpPhotoController.swift */; };
		44122F192364FD2D0045EE6A /* PhotoNetworking.swift in Sources */ = {isa = PBXBuildFile; fileRef = 44122F182364FD2D0045EE6A /* PhotoNetworking.swift */; };
		441D3B5F2380B9E000B54916 /* AccountViewController.swift in Sources */ = {isa = PBXBuildFile; fileRef = 441D3B5E2380B9E000B54916 /* AccountViewController.swift */; };
		441D3B7A2380BA1500B54916 /* MapViewController.swift in Sources */ = {isa = PBXBuildFile; fileRef = 441D3B782380BA1500B54916 /* MapViewController.swift */; };
		441D3B7B2380BA1500B54916 /* MapViewController.storyboard in Resources */ = {isa = PBXBuildFile; fileRef = 441D3B792380BA1500B54916 /* MapViewController.storyboard */; };
		44949C8223944D6B004B702F /* Confirmation.storyboard in Resources */ = {isa = PBXBuildFile; fileRef = 44949C8123944D6B004B702F /* Confirmation.storyboard */; };
		44949C8423944DB7004B702F /* ConfirmationViewController.swift in Sources */ = {isa = PBXBuildFile; fileRef = 44949C8323944DB7004B702F /* ConfirmationViewController.swift */; };
		44949C86239476F6004B702F /* LoginNetworking.swift in Sources */ = {isa = PBXBuildFile; fileRef = 44949C85239476F6004B702F /* LoginNetworking.swift */; };
		449D96812381E3BF003AFBF8 /* AccountViewController.storyboard in Resources */ = {isa = PBXBuildFile; fileRef = 449D96802381E3BF003AFBF8 /* AccountViewController.storyboard */; };
		44A657052389878200784185 /* Account.swift in Sources */ = {isa = PBXBuildFile; fileRef = 44A657042389878200784185 /* Account.swift */; };
		44B7C45E237C132400853C92 /* PhoneAuthSB.storyboard in Resources */ = {isa = PBXBuildFile; fileRef = 44B7C45D237C132400853C92 /* PhoneAuthSB.storyboard */; };
		44B7C460237C139700853C92 /* PhotoSB.storyboard in Resources */ = {isa = PBXBuildFile; fileRef = 44B7C45F237C139700853C92 /* PhotoSB.storyboard */; };
		44B7C469237C159F00853C92 /* ResetPasswordSB.storyboard in Resources */ = {isa = PBXBuildFile; fileRef = 44B7C468237C159F00853C92 /* ResetPasswordSB.storyboard */; };
		44B7C46C237C164000853C92 /* LoginSB.storyboard in Resources */ = {isa = PBXBuildFile; fileRef = 44B7C46B237C164000853C92 /* LoginSB.storyboard */; };
		44D32B6B2361F9370043776A /* AppDelegate.swift in Sources */ = {isa = PBXBuildFile; fileRef = 44D32B6A2361F9370043776A /* AppDelegate.swift */; };
		44D32B6D2361F9370043776A /* LoginViewController.swift in Sources */ = {isa = PBXBuildFile; fileRef = 44D32B6C2361F9370043776A /* LoginViewController.swift */; };
		44D32B702361F9370043776A /* Main.storyboard in Resources */ = {isa = PBXBuildFile; fileRef = 44D32B6E2361F9370043776A /* Main.storyboard */; };
		44D32B722361F9380043776A /* Assets.xcassets in Resources */ = {isa = PBXBuildFile; fileRef = 44D32B712361F9380043776A /* Assets.xcassets */; };
		44D32B7D2361FA780043776A /* GoogleService-Info.plist in Resources */ = {isa = PBXBuildFile; fileRef = 44D32B7C2361FA780043776A /* GoogleService-Info.plist */; };
		44D32B83236335070043776A /* RegistrationSB.storyboard in Resources */ = {isa = PBXBuildFile; fileRef = 44D32B82236335070043776A /* RegistrationSB.storyboard */; };
		44D32B85236335380043776A /* RegistrationVC.swift in Sources */ = {isa = PBXBuildFile; fileRef = 44D32B84236335380043776A /* RegistrationVC.swift */; };
		44D32B87236375990043776A /* NetworkingService.swift in Sources */ = {isa = PBXBuildFile; fileRef = 44D32B86236375990043776A /* NetworkingService.swift */; };
		44D32B89236389B00043776A /* User.swift in Sources */ = {isa = PBXBuildFile; fileRef = 44D32B88236389B00043776A /* User.swift */; };
		44E8B812236F61FB00DA858F /* PhoneAuthVC.swift in Sources */ = {isa = PBXBuildFile; fileRef = 44E8B811236F61FB00DA858F /* PhoneAuthVC.swift */; };
		44FD00DB236E329500D1F84A /* ResetPasswordVC.swift in Sources */ = {isa = PBXBuildFile; fileRef = 44FD00DA236E329500D1F84A /* ResetPasswordVC.swift */; };
		AEB1493B1CCA351686FC6EE7 /* libPods-onMap_login.a in Frameworks */ = {isa = PBXBuildFile; fileRef = AE4BFA598171B2F4C821BCE2 /* libPods-onMap_login.a */; };
/* End PBXBuildFile section */

/* Begin PBXFileReference section */
		043B47C123B4E1E80083ABAC /* SettingsOnMap.swift */ = {isa = PBXFileReference; lastKnownFileType = sourcecode.swift; path = SettingsOnMap.swift; sourceTree = "<group>"; };
		045ADF91238F1B7500EC0067 /* ChatPointAnnotaion.swift */ = {isa = PBXFileReference; lastKnownFileType = sourcecode.swift; path = ChatPointAnnotaion.swift; sourceTree = "<group>"; };
		045ADF93238F8F5C00EC0067 /* MessageCell.swift */ = {isa = PBXFileReference; lastKnownFileType = sourcecode.swift; path = MessageCell.swift; sourceTree = "<group>"; };
		046EAE3A2387205D00CBE825 /* LaunchScreen.storyboard */ = {isa = PBXFileReference; fileEncoding = 4; lastKnownFileType = file.storyboard; path = LaunchScreen.storyboard; sourceTree = "<group>"; };
		046EAE3C2388548A00CBE825 /* PinChat.swift */ = {isa = PBXFileReference; lastKnownFileType = sourcecode.swift; path = PinChat.swift; sourceTree = "<group>"; };
		046EAE3E23886B5700CBE825 /* MessengerOnMap.swift */ = {isa = PBXFileReference; lastKnownFileType = sourcecode.swift; path = MessengerOnMap.swift; sourceTree = "<group>"; };
		046EAE44238B126000CBE825 /* Tasks.swift */ = {isa = PBXFileReference; lastKnownFileType = sourcecode.swift; path = Tasks.swift; sourceTree = "<group>"; };
		046EAE48238BC1D900CBE825 /* ChatInfo.swift */ = {isa = PBXFileReference; lastKnownFileType = sourcecode.swift; path = ChatInfo.swift; sourceTree = "<group>"; };
		046EAE4A238BC40D00CBE825 /* ChatRoom.swift */ = {isa = PBXFileReference; lastKnownFileType = sourcecode.swift; path = ChatRoom.swift; sourceTree = "<group>"; };
		046EAE4C238BC57600CBE825 /* FirestoreMessenger.swift */ = {isa = PBXFileReference; lastKnownFileType = sourcecode.swift; path = FirestoreMessenger.swift; sourceTree = "<group>"; };
		046EAE50238BD0E600CBE825 /* TestingChatsViewController.swift */ = {isa = PBXFileReference; lastKnownFileType = sourcecode.swift; path = TestingChatsViewController.swift; sourceTree = "<group>"; };
		046EAE52238BD15D00CBE825 /* TestChats.storyboard */ = {isa = PBXFileReference; lastKnownFileType = file.storyboard; path = TestChats.storyboard; sourceTree = "<group>"; };
		046EAE56238C265F00CBE825 /* DiscussionRoomViewController.swift */ = {isa = PBXFileReference; lastKnownFileType = sourcecode.swift; path = DiscussionRoomViewController.swift; sourceTree = "<group>"; };
		046EAE58238C268D00CBE825 /* DiscussionRoom.storyboard */ = {isa = PBXFileReference; lastKnownFileType = file.storyboard; path = DiscussionRoom.storyboard; sourceTree = "<group>"; };
		046EAE5E238C47E400CBE825 /* OtherMessageTableViewCell.swift */ = {isa = PBXFileReference; lastKnownFileType = sourcecode.swift; path = OtherMessageTableViewCell.swift; sourceTree = "<group>"; };
		046EAE5F238C47E400CBE825 /* OtherMessageTableViewCell.xib */ = {isa = PBXFileReference; lastKnownFileType = file.xib; path = OtherMessageTableViewCell.xib; sourceTree = "<group>"; };
		04780895238E51AB008D567B /* MyMessageTableViewCell.swift */ = {isa = PBXFileReference; lastKnownFileType = sourcecode.swift; path = MyMessageTableViewCell.swift; sourceTree = "<group>"; };
		04780896238E51AB008D567B /* MyMessageTableViewCell.xib */ = {isa = PBXFileReference; lastKnownFileType = file.xib; path = MyMessageTableViewCell.xib; sourceTree = "<group>"; };
		44122EF4236486A40045EE6A /* PickUpPhotoController.swift */ = {isa = PBXFileReference; lastKnownFileType = sourcecode.swift; path = PickUpPhotoController.swift; sourceTree = "<group>"; };
		44122F182364FD2D0045EE6A /* PhotoNetworking.swift */ = {isa = PBXFileReference; lastKnownFileType = sourcecode.swift; path = PhotoNetworking.swift; sourceTree = "<group>"; };
		441D3B5E2380B9E000B54916 /* AccountViewController.swift */ = {isa = PBXFileReference; fileEncoding = 4; lastKnownFileType = sourcecode.swift; path = AccountViewController.swift; sourceTree = "<group>"; };
		441D3B782380BA1500B54916 /* MapViewController.swift */ = {isa = PBXFileReference; fileEncoding = 4; lastKnownFileType = sourcecode.swift; path = MapViewController.swift; sourceTree = "<group>"; };
		441D3B792380BA1500B54916 /* MapViewController.storyboard */ = {isa = PBXFileReference; fileEncoding = 4; lastKnownFileType = file.storyboard; path = MapViewController.storyboard; sourceTree = "<group>"; };
		44949C8123944D6B004B702F /* Confirmation.storyboard */ = {isa = PBXFileReference; lastKnownFileType = file.storyboard; path = Confirmation.storyboard; sourceTree = "<group>"; };
		44949C8323944DB7004B702F /* ConfirmationViewController.swift */ = {isa = PBXFileReference; lastKnownFileType = sourcecode.swift; path = ConfirmationViewController.swift; sourceTree = "<group>"; };
		44949C85239476F6004B702F /* LoginNetworking.swift */ = {isa = PBXFileReference; lastKnownFileType = sourcecode.swift; path = LoginNetworking.swift; sourceTree = "<group>"; };
		449D96802381E3BF003AFBF8 /* AccountViewController.storyboard */ = {isa = PBXFileReference; fileEncoding = 4; lastKnownFileType = file.storyboard; path = AccountViewController.storyboard; sourceTree = "<group>"; };
		44A657042389878200784185 /* Account.swift */ = {isa = PBXFileReference; lastKnownFileType = sourcecode.swift; path = Account.swift; sourceTree = "<group>"; };
		44B7C45D237C132400853C92 /* PhoneAuthSB.storyboard */ = {isa = PBXFileReference; lastKnownFileType = file.storyboard; path = PhoneAuthSB.storyboard; sourceTree = "<group>"; };
		44B7C45F237C139700853C92 /* PhotoSB.storyboard */ = {isa = PBXFileReference; lastKnownFileType = file.storyboard; path = PhotoSB.storyboard; sourceTree = "<group>"; };
		44B7C468237C159F00853C92 /* ResetPasswordSB.storyboard */ = {isa = PBXFileReference; lastKnownFileType = file.storyboard; path = ResetPasswordSB.storyboard; sourceTree = "<group>"; };
		44B7C46B237C164000853C92 /* LoginSB.storyboard */ = {isa = PBXFileReference; lastKnownFileType = file.storyboard; path = LoginSB.storyboard; sourceTree = "<group>"; };
		44D32B672361F9370043776A /* onMap.app */ = {isa = PBXFileReference; explicitFileType = wrapper.application; includeInIndex = 0; path = onMap.app; sourceTree = BUILT_PRODUCTS_DIR; };
		44D32B6A2361F9370043776A /* AppDelegate.swift */ = {isa = PBXFileReference; lastKnownFileType = sourcecode.swift; path = AppDelegate.swift; sourceTree = "<group>"; };
		44D32B6C2361F9370043776A /* LoginViewController.swift */ = {isa = PBXFileReference; lastKnownFileType = sourcecode.swift; path = LoginViewController.swift; sourceTree = "<group>"; };
		44D32B6F2361F9370043776A /* Base */ = {isa = PBXFileReference; lastKnownFileType = file.storyboard; name = Base; path = Base.lproj/Main.storyboard; sourceTree = "<group>"; };
		44D32B712361F9380043776A /* Assets.xcassets */ = {isa = PBXFileReference; lastKnownFileType = folder.assetcatalog; path = Assets.xcassets; sourceTree = "<group>"; };
		44D32B762361F9380043776A /* Info.plist */ = {isa = PBXFileReference; lastKnownFileType = text.plist.xml; path = Info.plist; sourceTree = "<group>"; };
		44D32B7C2361FA780043776A /* GoogleService-Info.plist */ = {isa = PBXFileReference; fileEncoding = 4; lastKnownFileType = text.plist.xml; path = "GoogleService-Info.plist"; sourceTree = "<group>"; };
		44D32B82236335070043776A /* RegistrationSB.storyboard */ = {isa = PBXFileReference; lastKnownFileType = file.storyboard; path = RegistrationSB.storyboard; sourceTree = "<group>"; };
		44D32B84236335380043776A /* RegistrationVC.swift */ = {isa = PBXFileReference; lastKnownFileType = sourcecode.swift; path = RegistrationVC.swift; sourceTree = "<group>"; };
		44D32B86236375990043776A /* NetworkingService.swift */ = {isa = PBXFileReference; lastKnownFileType = sourcecode.swift; path = NetworkingService.swift; sourceTree = "<group>"; };
		44D32B88236389B00043776A /* User.swift */ = {isa = PBXFileReference; lastKnownFileType = sourcecode.swift; path = User.swift; sourceTree = "<group>"; };
		44E8B811236F61FB00DA858F /* PhoneAuthVC.swift */ = {isa = PBXFileReference; lastKnownFileType = sourcecode.swift; path = PhoneAuthVC.swift; sourceTree = "<group>"; };
		44FD00DA236E329500D1F84A /* ResetPasswordVC.swift */ = {isa = PBXFileReference; lastKnownFileType = sourcecode.swift; path = ResetPasswordVC.swift; sourceTree = "<group>"; };
		AA5D93D362C4CDF7D17DFA8A /* Pods-onMap_login.debug.xcconfig */ = {isa = PBXFileReference; includeInIndex = 1; lastKnownFileType = text.xcconfig; name = "Pods-onMap_login.debug.xcconfig"; path = "Target Support Files/Pods-onMap_login/Pods-onMap_login.debug.xcconfig"; sourceTree = "<group>"; };
		AADEB3B6DF5DAAE005CE3E86 /* Pods-onMap_login.release.xcconfig */ = {isa = PBXFileReference; includeInIndex = 1; lastKnownFileType = text.xcconfig; name = "Pods-onMap_login.release.xcconfig"; path = "Target Support Files/Pods-onMap_login/Pods-onMap_login.release.xcconfig"; sourceTree = "<group>"; };
		AE4BFA598171B2F4C821BCE2 /* libPods-onMap_login.a */ = {isa = PBXFileReference; explicitFileType = archive.ar; includeInIndex = 0; path = "libPods-onMap_login.a"; sourceTree = BUILT_PRODUCTS_DIR; };
/* End PBXFileReference section */

/* Begin PBXFrameworksBuildPhase section */
		44D32B642361F9370043776A /* Frameworks */ = {
			isa = PBXFrameworksBuildPhase;
			buildActionMask = 2147483647;
			files = (
				AEB1493B1CCA351686FC6EE7 /* libPods-onMap_login.a in Frameworks */,
			);
			runOnlyForDeploymentPostprocessing = 0;
		};
/* End PBXFrameworksBuildPhase section */

/* Begin PBXGroup section */
		043B47C023B4E1930083ABAC /* Framework */ = {
			isa = PBXGroup;
			children = (
				043B47C123B4E1E80083ABAC /* SettingsOnMap.swift */,
			);
			path = Framework;
			sourceTree = "<group>";
		};
		046EAE47238BC1B700CBE825 /* MessengerOnMap */ = {
			isa = PBXGroup;
			children = (
				046EAE48238BC1D900CBE825 /* ChatInfo.swift */,
				046EAE4A238BC40D00CBE825 /* ChatRoom.swift */,
				046EAE4C238BC57600CBE825 /* FirestoreMessenger.swift */,
				046EAE3E23886B5700CBE825 /* MessengerOnMap.swift */,
			);
			path = MessengerOnMap;
			sourceTree = "<group>";
		};
		046EAE4F238BD0B600CBE825 /* TestingChats */ = {
			isa = PBXGroup;
			children = (
				046EAE52238BD15D00CBE825 /* TestChats.storyboard */,
				046EAE50238BD0E600CBE825 /* TestingChatsViewController.swift */,
			);
			path = TestingChats;
			sourceTree = "<group>";
		};
		046EAE55238C260200CBE825 /* Discussion */ = {
			isa = PBXGroup;
			children = (
				046EAE58238C268D00CBE825 /* DiscussionRoom.storyboard */,
				046EAE56238C265F00CBE825 /* DiscussionRoomViewController.swift */,
				045ADF93238F8F5C00EC0067 /* MessageCell.swift */,
				046EAE5F238C47E400CBE825 /* OtherMessageTableViewCell.xib */,
				046EAE5E238C47E400CBE825 /* OtherMessageTableViewCell.swift */,
				04780896238E51AB008D567B /* MyMessageTableViewCell.xib */,
				04780895238E51AB008D567B /* MyMessageTableViewCell.swift */,
			);
			path = Discussion;
			sourceTree = "<group>";
		};
		3B2377A2BA57368D3E03F663 /* Pods */ = {
			isa = PBXGroup;
			children = (
				AA5D93D362C4CDF7D17DFA8A /* Pods-onMap_login.debug.xcconfig */,
				AADEB3B6DF5DAAE005CE3E86 /* Pods-onMap_login.release.xcconfig */,
			);
			path = Pods;
			sourceTree = "<group>";
		};
		44122EF6236487CF0045EE6A /* Registration */ = {
			isa = PBXGroup;
			children = (
				44B7C467237C156100853C92 /* Services */,
				44B7C464237C151B00853C92 /* Controllers */,
				44B7C465237C153C00853C92 /* Models */,
			);
			path = Registration;
			sourceTree = "<group>";
		};
		44122EF72364880C0045EE6A /* Login */ = {
			isa = PBXGroup;
			children = (
				44B7C46B237C164000853C92 /* LoginSB.storyboard */,
				44D32B6E2361F9370043776A /* Main.storyboard */,
				44D32B6C2361F9370043776A /* LoginViewController.swift */,
				44949C85239476F6004B702F /* LoginNetworking.swift */,
				44B7C46A237C161200853C92 /* Reset */,
			);
			path = Login;
			sourceTree = "<group>";
		};
		44126AAC238017550066AC13 /* General */ = {
			isa = PBXGroup;
			children = (
				441D3B792380BA1500B54916 /* MapViewController.storyboard */,
				441D3B782380BA1500B54916 /* MapViewController.swift */,
				045ADF91238F1B7500EC0067 /* ChatPointAnnotaion.swift */,
				046EAE3C2388548A00CBE825 /* PinChat.swift */,
			);
			path = General;
			sourceTree = "<group>";
		};
		441D3B7C2380BA2C00B54916 /* Account */ = {
			isa = PBXGroup;
			children = (
				449D96802381E3BF003AFBF8 /* AccountViewController.storyboard */,
				441D3B5E2380B9E000B54916 /* AccountViewController.swift */,
				44A657042389878200784185 /* Account.swift */,
				44949C8123944D6B004B702F /* Confirmation.storyboard */,
				44949C8323944DB7004B702F /* ConfirmationViewController.swift */,
			);
			path = Account;
			sourceTree = "<group>";
		};
		44B7C461237C149900853C92 /* FillTheFields */ = {
			isa = PBXGroup;
			children = (
				44D32B84236335380043776A /* RegistrationVC.swift */,
				44D32B82236335070043776A /* RegistrationSB.storyboard */,
			);
			path = FillTheFields;
			sourceTree = "<group>";
		};
		44B7C462237C14D500853C92 /* Phone */ = {
			isa = PBXGroup;
			children = (
				44B7C45D237C132400853C92 /* PhoneAuthSB.storyboard */,
				44E8B811236F61FB00DA858F /* PhoneAuthVC.swift */,
			);
			path = Phone;
			sourceTree = "<group>";
		};
		44B7C463237C14EE00853C92 /* Photo */ = {
			isa = PBXGroup;
			children = (
				44B7C45F237C139700853C92 /* PhotoSB.storyboard */,
				44122EF4236486A40045EE6A /* PickUpPhotoController.swift */,
			);
			path = Photo;
			sourceTree = "<group>";
		};
		44B7C464237C151B00853C92 /* Controllers */ = {
			isa = PBXGroup;
			children = (
				44B7C462237C14D500853C92 /* Phone */,
				44B7C463237C14EE00853C92 /* Photo */,
				44B7C461237C149900853C92 /* FillTheFields */,
			);
			path = Controllers;
			sourceTree = "<group>";
		};
		44B7C465237C153C00853C92 /* Models */ = {
			isa = PBXGroup;
			children = (
				44D32B88236389B00043776A /* User.swift */,
			);
			path = Models;
			sourceTree = "<group>";
		};
		44B7C467237C156100853C92 /* Services */ = {
			isa = PBXGroup;
			children = (
				44D32B86236375990043776A /* NetworkingService.swift */,
				44122F182364FD2D0045EE6A /* PhotoNetworking.swift */,
			);
			name = Services;
			path = ../..;
			sourceTree = "<group>";
		};
		44B7C46A237C161200853C92 /* Reset */ = {
			isa = PBXGroup;
			children = (
				44B7C468237C159F00853C92 /* ResetPasswordSB.storyboard */,
				44FD00DA236E329500D1F84A /* ResetPasswordVC.swift */,
			);
			path = Reset;
			sourceTree = "<group>";
		};
		44D32B5E2361F9370043776A = {
			isa = PBXGroup;
			children = (
				44D32B692361F9370043776A /* onMap_login */,
				44D32B682361F9370043776A /* Products */,
				3B2377A2BA57368D3E03F663 /* Pods */,
				BCD5E3AF03C700CDF5B119F1 /* Frameworks */,
			);
			sourceTree = "<group>";
		};
		44D32B682361F9370043776A /* Products */ = {
			isa = PBXGroup;
			children = (
				44D32B672361F9370043776A /* onMap.app */,
			);
			name = Products;
			sourceTree = "<group>";
		};
		44D32B692361F9370043776A /* onMap_login */ = {
			isa = PBXGroup;
			children = (
				046EAE44238B126000CBE825 /* Tasks.swift */,
				44D32B6A2361F9370043776A /* AppDelegate.swift */,
				046EAE3A2387205D00CBE825 /* LaunchScreen.storyboard */,
				043B47C023B4E1930083ABAC /* Framework */,
				046EAE55238C260200CBE825 /* Discussion */,
				046EAE4F238BD0B600CBE825 /* TestingChats */,
				046EAE47238BC1B700CBE825 /* MessengerOnMap */,
				441D3B7C2380BA2C00B54916 /* Account */,
				44126AAC238017550066AC13 /* General */,
				44122EF72364880C0045EE6A /* Login */,
				44122EF6236487CF0045EE6A /* Registration */,
				44D32B7C2361FA780043776A /* GoogleService-Info.plist */,
				44D32B712361F9380043776A /* Assets.xcassets */,
				44D32B762361F9380043776A /* Info.plist */,
			);
			path = onMap_login;
			sourceTree = "<group>";
		};
		BCD5E3AF03C700CDF5B119F1 /* Frameworks */ = {
			isa = PBXGroup;
			children = (
				AE4BFA598171B2F4C821BCE2 /* libPods-onMap_login.a */,
			);
			name = Frameworks;
			sourceTree = "<group>";
		};
/* End PBXGroup section */

/* Begin PBXNativeTarget section */
		44D32B662361F9370043776A /* onMap */ = {
			isa = PBXNativeTarget;
			buildConfigurationList = 44D32B792361F9380043776A /* Build configuration list for PBXNativeTarget "onMap" */;
			buildPhases = (
				E2C689D927902B97A29305EA /* [CP] Check Pods Manifest.lock */,
				44D32B632361F9370043776A /* Sources */,
				44D32B642361F9370043776A /* Frameworks */,
				44D32B652361F9370043776A /* Resources */,
				DD60EC0F07F84E265F3529BA /* [CP] Copy Pods Resources */,
			);
			buildRules = (
			);
			dependencies = (
			);
			name = onMap;
			productName = onMap_login;
			productReference = 44D32B672361F9370043776A /* onMap.app */;
			productType = "com.apple.product-type.application";
		};
/* End PBXNativeTarget section */

/* Begin PBXProject section */
		44D32B5F2361F9370043776A /* Project object */ = {
			isa = PBXProject;
			attributes = {
				LastSwiftUpdateCheck = 1030;
				LastUpgradeCheck = 1030;
				ORGANIZATIONNAME = "Екатерина";
				TargetAttributes = {
					44D32B662361F9370043776A = {
						CreatedOnToolsVersion = 10.3;
					};
				};
			};
			buildConfigurationList = 44D32B622361F9370043776A /* Build configuration list for PBXProject "onMap" */;
			compatibilityVersion = "Xcode 9.3";
			developmentRegion = en;
			hasScannedForEncodings = 0;
			knownRegions = (
				en,
				Base,
			);
			mainGroup = 44D32B5E2361F9370043776A;
			productRefGroup = 44D32B682361F9370043776A /* Products */;
			projectDirPath = "";
			projectRoot = "";
			targets = (
				44D32B662361F9370043776A /* onMap */,
			);
		};
/* End PBXProject section */

/* Begin PBXResourcesBuildPhase section */
		44D32B652361F9370043776A /* Resources */ = {
			isa = PBXResourcesBuildPhase;
			buildActionMask = 2147483647;
			files = (
				046EAE61238C47E400CBE825 /* OtherMessageTableViewCell.xib in Resources */,
				44B7C469237C159F00853C92 /* ResetPasswordSB.storyboard in Resources */,
				046EAE59238C268D00CBE825 /* DiscussionRoom.storyboard in Resources */,
				44B7C45E237C132400853C92 /* PhoneAuthSB.storyboard in Resources */,
				441D3B7B2380BA1500B54916 /* MapViewController.storyboard in Resources */,
				44D32B7D2361FA780043776A /* GoogleService-Info.plist in Resources */,
				44949C8223944D6B004B702F /* Confirmation.storyboard in Resources */,
				44D32B83236335070043776A /* RegistrationSB.storyboard in Resources */,
				449D96812381E3BF003AFBF8 /* AccountViewController.storyboard in Resources */,
				046EAE3B2387205D00CBE825 /* LaunchScreen.storyboard in Resources */,
				44D32B722361F9380043776A /* Assets.xcassets in Resources */,
				44B7C460237C139700853C92 /* PhotoSB.storyboard in Resources */,
				44D32B702361F9370043776A /* Main.storyboard in Resources */,
				44B7C46C237C164000853C92 /* LoginSB.storyboard in Resources */,
				04780898238E51AB008D567B /* MyMessageTableViewCell.xib in Resources */,
				046EAE53238BD15D00CBE825 /* TestChats.storyboard in Resources */,
			);
			runOnlyForDeploymentPostprocessing = 0;
		};
/* End PBXResourcesBuildPhase section */

/* Begin PBXShellScriptBuildPhase section */
		DD60EC0F07F84E265F3529BA /* [CP] Copy Pods Resources */ = {
			isa = PBXShellScriptBuildPhase;
			buildActionMask = 2147483647;
			files = (
			);
			inputFileListPaths = (
				"${PODS_ROOT}/Target Support Files/Pods-onMap_login/Pods-onMap_login-resources-${CONFIGURATION}-input-files.xcfilelist",
			);
			name = "[CP] Copy Pods Resources";
			outputFileListPaths = (
				"${PODS_ROOT}/Target Support Files/Pods-onMap_login/Pods-onMap_login-resources-${CONFIGURATION}-output-files.xcfilelist",
			);
			runOnlyForDeploymentPostprocessing = 0;
			shellPath = /bin/sh;
			shellScript = "\"${PODS_ROOT}/Target Support Files/Pods-onMap_login/Pods-onMap_login-resources.sh\"\n";
			showEnvVarsInLog = 0;
		};
		E2C689D927902B97A29305EA /* [CP] Check Pods Manifest.lock */ = {
			isa = PBXShellScriptBuildPhase;
			buildActionMask = 2147483647;
			files = (
			);
			inputFileListPaths = (
			);
			inputPaths = (
				"${PODS_PODFILE_DIR_PATH}/Podfile.lock",
				"${PODS_ROOT}/Manifest.lock",
			);
			name = "[CP] Check Pods Manifest.lock";
			outputFileListPaths = (
			);
			outputPaths = (
				"$(DERIVED_FILE_DIR)/Pods-onMap_login-checkManifestLockResult.txt",
			);
			runOnlyForDeploymentPostprocessing = 0;
			shellPath = /bin/sh;
			shellScript = "diff \"${PODS_PODFILE_DIR_PATH}/Podfile.lock\" \"${PODS_ROOT}/Manifest.lock\" > /dev/null\nif [ $? != 0 ] ; then\n    # print error to STDERR\n    echo \"error: The sandbox is not in sync with the Podfile.lock. Run 'pod install' or update your CocoaPods installation.\" >&2\n    exit 1\nfi\n# This output is used by Xcode 'outputs' to avoid re-running this script phase.\necho \"SUCCESS\" > \"${SCRIPT_OUTPUT_FILE_0}\"\n";
			showEnvVarsInLog = 0;
		};
/* End PBXShellScriptBuildPhase section */

/* Begin PBXSourcesBuildPhase section */
		44D32B632361F9370043776A /* Sources */ = {
			isa = PBXSourcesBuildPhase;
			buildActionMask = 2147483647;
			files = (
				44122F192364FD2D0045EE6A /* PhotoNetworking.swift in Sources */,
				44949C8423944DB7004B702F /* ConfirmationViewController.swift in Sources */,
				44122EF5236486A40045EE6A /* PickUpPhotoController.swift in Sources */,
				046EAE3D2388548A00CBE825 /* PinChat.swift in Sources */,
				045ADF92238F1B7500EC0067 /* ChatPointAnnotaion.swift in Sources */,
				441D3B7A2380BA1500B54916 /* MapViewController.swift in Sources */,
				04780897238E51AB008D567B /* MyMessageTableViewCell.swift in Sources */,
				44D32B87236375990043776A /* NetworkingService.swift in Sources */,
				44949C86239476F6004B702F /* LoginNetworking.swift in Sources */,
				046EAE4D238BC57600CBE825 /* FirestoreMessenger.swift in Sources */,
				44D32B85236335380043776A /* RegistrationVC.swift in Sources */,
				045ADF94238F8F5C00EC0067 /* MessageCell.swift in Sources */,
				44A657052389878200784185 /* Account.swift in Sources */,
				44FD00DB236E329500D1F84A /* ResetPasswordVC.swift in Sources */,
				44D32B89236389B00043776A /* User.swift in Sources */,
				046EAE4B238BC40D00CBE825 /* ChatRoom.swift in Sources */,
				043B47C223B4E1E80083ABAC /* SettingsOnMap.swift in Sources */,
				44E8B812236F61FB00DA858F /* PhoneAuthVC.swift in Sources */,
				046EAE60238C47E400CBE825 /* OtherMessageTableViewCell.swift in Sources */,
				046EAE51238BD0E600CBE825 /* TestingChatsViewController.swift in Sources */,
				44D32B6D2361F9370043776A /* LoginViewController.swift in Sources */,
				44D32B6B2361F9370043776A /* AppDelegate.swift in Sources */,
				441D3B5F2380B9E000B54916 /* AccountViewController.swift in Sources */,
				046EAE57238C265F00CBE825 /* DiscussionRoomViewController.swift in Sources */,
				046EAE45238B126000CBE825 /* Tasks.swift in Sources */,
				046EAE3F23886B5700CBE825 /* MessengerOnMap.swift in Sources */,
				046EAE49238BC1D900CBE825 /* ChatInfo.swift in Sources */,
			);
			runOnlyForDeploymentPostprocessing = 0;
		};
/* End PBXSourcesBuildPhase section */

/* Begin PBXVariantGroup section */
		44D32B6E2361F9370043776A /* Main.storyboard */ = {
			isa = PBXVariantGroup;
			children = (
				44D32B6F2361F9370043776A /* Base */,
			);
			name = Main.storyboard;
			sourceTree = "<group>";
		};
/* End PBXVariantGroup section */

/* Begin XCBuildConfiguration section */
		44D32B772361F9380043776A /* Debug */ = {
			isa = XCBuildConfiguration;
			buildSettings = {
				ALWAYS_SEARCH_USER_PATHS = NO;
				CLANG_ANALYZER_NONNULL = YES;
				CLANG_ANALYZER_NUMBER_OBJECT_CONVERSION = YES_AGGRESSIVE;
				CLANG_CXX_LANGUAGE_STANDARD = "gnu++14";
				CLANG_CXX_LIBRARY = "libc++";
				CLANG_ENABLE_MODULES = YES;
				CLANG_ENABLE_OBJC_ARC = YES;
				CLANG_ENABLE_OBJC_WEAK = YES;
				CLANG_WARN_BLOCK_CAPTURE_AUTORELEASING = YES;
				CLANG_WARN_BOOL_CONVERSION = YES;
				CLANG_WARN_COMMA = YES;
				CLANG_WARN_CONSTANT_CONVERSION = YES;
				CLANG_WARN_DEPRECATED_OBJC_IMPLEMENTATIONS = YES;
				CLANG_WARN_DIRECT_OBJC_ISA_USAGE = YES_ERROR;
				CLANG_WARN_DOCUMENTATION_COMMENTS = YES;
				CLANG_WARN_EMPTY_BODY = YES;
				CLANG_WARN_ENUM_CONVERSION = YES;
				CLANG_WARN_INFINITE_RECURSION = YES;
				CLANG_WARN_INT_CONVERSION = YES;
				CLANG_WARN_NON_LITERAL_NULL_CONVERSION = YES;
				CLANG_WARN_OBJC_IMPLICIT_RETAIN_SELF = YES;
				CLANG_WARN_OBJC_LITERAL_CONVERSION = YES;
				CLANG_WARN_OBJC_ROOT_CLASS = YES_ERROR;
				CLANG_WARN_RANGE_LOOP_ANALYSIS = YES;
				CLANG_WARN_STRICT_PROTOTYPES = YES;
				CLANG_WARN_SUSPICIOUS_MOVE = YES;
				CLANG_WARN_UNGUARDED_AVAILABILITY = YES_AGGRESSIVE;
				CLANG_WARN_UNREACHABLE_CODE = YES;
				CLANG_WARN__DUPLICATE_METHOD_MATCH = YES;
				CODE_SIGN_IDENTITY = "iPhone Developer";
				COPY_PHASE_STRIP = NO;
				DEBUG_INFORMATION_FORMAT = dwarf;
				ENABLE_STRICT_OBJC_MSGSEND = YES;
				ENABLE_TESTABILITY = YES;
				GCC_C_LANGUAGE_STANDARD = gnu11;
				GCC_DYNAMIC_NO_PIC = NO;
				GCC_NO_COMMON_BLOCKS = YES;
				GCC_OPTIMIZATION_LEVEL = 0;
				GCC_PREPROCESSOR_DEFINITIONS = (
					"DEBUG=1",
					"$(inherited)",
				);
				GCC_WARN_64_TO_32_BIT_CONVERSION = YES;
				GCC_WARN_ABOUT_RETURN_TYPE = YES_ERROR;
				GCC_WARN_UNDECLARED_SELECTOR = YES;
				GCC_WARN_UNINITIALIZED_AUTOS = YES_AGGRESSIVE;
				GCC_WARN_UNUSED_FUNCTION = YES;
				GCC_WARN_UNUSED_VARIABLE = YES;
				IPHONEOS_DEPLOYMENT_TARGET = 13.2;
				MTL_ENABLE_DEBUG_INFO = INCLUDE_SOURCE;
				MTL_FAST_MATH = YES;
				ONLY_ACTIVE_ARCH = YES;
				SDKROOT = iphoneos;
				SWIFT_ACTIVE_COMPILATION_CONDITIONS = DEBUG;
				SWIFT_OPTIMIZATION_LEVEL = "-Onone";
			};
			name = Debug;
		};
		44D32B782361F9380043776A /* Release */ = {
			isa = XCBuildConfiguration;
			buildSettings = {
				ALWAYS_SEARCH_USER_PATHS = NO;
				CLANG_ANALYZER_NONNULL = YES;
				CLANG_ANALYZER_NUMBER_OBJECT_CONVERSION = YES_AGGRESSIVE;
				CLANG_CXX_LANGUAGE_STANDARD = "gnu++14";
				CLANG_CXX_LIBRARY = "libc++";
				CLANG_ENABLE_MODULES = YES;
				CLANG_ENABLE_OBJC_ARC = YES;
				CLANG_ENABLE_OBJC_WEAK = YES;
				CLANG_WARN_BLOCK_CAPTURE_AUTORELEASING = YES;
				CLANG_WARN_BOOL_CONVERSION = YES;
				CLANG_WARN_COMMA = YES;
				CLANG_WARN_CONSTANT_CONVERSION = YES;
				CLANG_WARN_DEPRECATED_OBJC_IMPLEMENTATIONS = YES;
				CLANG_WARN_DIRECT_OBJC_ISA_USAGE = YES_ERROR;
				CLANG_WARN_DOCUMENTATION_COMMENTS = YES;
				CLANG_WARN_EMPTY_BODY = YES;
				CLANG_WARN_ENUM_CONVERSION = YES;
				CLANG_WARN_INFINITE_RECURSION = YES;
				CLANG_WARN_INT_CONVERSION = YES;
				CLANG_WARN_NON_LITERAL_NULL_CONVERSION = YES;
				CLANG_WARN_OBJC_IMPLICIT_RETAIN_SELF = YES;
				CLANG_WARN_OBJC_LITERAL_CONVERSION = YES;
				CLANG_WARN_OBJC_ROOT_CLASS = YES_ERROR;
				CLANG_WARN_RANGE_LOOP_ANALYSIS = YES;
				CLANG_WARN_STRICT_PROTOTYPES = YES;
				CLANG_WARN_SUSPICIOUS_MOVE = YES;
				CLANG_WARN_UNGUARDED_AVAILABILITY = YES_AGGRESSIVE;
				CLANG_WARN_UNREACHABLE_CODE = YES;
				CLANG_WARN__DUPLICATE_METHOD_MATCH = YES;
				CODE_SIGN_IDENTITY = "iPhone Developer";
				COPY_PHASE_STRIP = NO;
				DEBUG_INFORMATION_FORMAT = "dwarf-with-dsym";
				ENABLE_NS_ASSERTIONS = NO;
				ENABLE_STRICT_OBJC_MSGSEND = YES;
				GCC_C_LANGUAGE_STANDARD = gnu11;
				GCC_NO_COMMON_BLOCKS = YES;
				GCC_WARN_64_TO_32_BIT_CONVERSION = YES;
				GCC_WARN_ABOUT_RETURN_TYPE = YES_ERROR;
				GCC_WARN_UNDECLARED_SELECTOR = YES;
				GCC_WARN_UNINITIALIZED_AUTOS = YES_AGGRESSIVE;
				GCC_WARN_UNUSED_FUNCTION = YES;
				GCC_WARN_UNUSED_VARIABLE = YES;
				IPHONEOS_DEPLOYMENT_TARGET = 13.2;
				MTL_ENABLE_DEBUG_INFO = NO;
				MTL_FAST_MATH = YES;
				SDKROOT = iphoneos;
				SWIFT_COMPILATION_MODE = wholemodule;
				SWIFT_OPTIMIZATION_LEVEL = "-O";
				VALIDATE_PRODUCT = YES;
			};
			name = Release;
		};
		44D32B7A2361F9380043776A /* Debug */ = {
			isa = XCBuildConfiguration;
			baseConfigurationReference = AA5D93D362C4CDF7D17DFA8A /* Pods-onMap_login.debug.xcconfig */;
			buildSettings = {
				ASSETCATALOG_COMPILER_APPICON_NAME = AppIcon;
				CODE_SIGN_STYLE = Automatic;
				DEVELOPMENT_TEAM = R9MA39W3RG;
				INFOPLIST_FILE = onMap_login/Info.plist;
				IPHONEOS_DEPLOYMENT_TARGET = 13.0;
				LD_RUNPATH_SEARCH_PATHS = (
					"$(inherited)",
					"@executable_path/Frameworks",
				);
				MARKETING_VERSION = 0.7;
				PRODUCT_BUNDLE_IDENTIFIER = "kate.onMap-login";
				PRODUCT_NAME = onMap;
				SWIFT_VERSION = 5.0;
				TARGETED_DEVICE_FAMILY = "1,2";
			};
			name = Debug;
		};
		44D32B7B2361F9380043776A /* Release */ = {
			isa = XCBuildConfiguration;
			baseConfigurationReference = AADEB3B6DF5DAAE005CE3E86 /* Pods-onMap_login.release.xcconfig */;
			buildSettings = {
				ASSETCATALOG_COMPILER_APPICON_NAME = AppIcon;
				CODE_SIGN_STYLE = Automatic;
				DEVELOPMENT_TEAM = R9MA39W3RG;
				INFOPLIST_FILE = onMap_login/Info.plist;
				IPHONEOS_DEPLOYMENT_TARGET = 13.0;
				LD_RUNPATH_SEARCH_PATHS = (
					"$(inherited)",
					"@executable_path/Frameworks",
				);
				MARKETING_VERSION = 0.7;
				PRODUCT_BUNDLE_IDENTIFIER = "kate.onMap-login";
				PRODUCT_NAME = onMap;
				SWIFT_VERSION = 5.0;
				TARGETED_DEVICE_FAMILY = "1,2";
			};
			name = Release;
		};
/* End XCBuildConfiguration section */

/* Begin XCConfigurationList section */
		44D32B622361F9370043776A /* Build configuration list for PBXProject "onMap" */ = {
			isa = XCConfigurationList;
			buildConfigurations = (
				44D32B772361F9380043776A /* Debug */,
				44D32B782361F9380043776A /* Release */,
			);
			defaultConfigurationIsVisible = 0;
			defaultConfigurationName = Release;
		};
		44D32B792361F9380043776A /* Build configuration list for PBXNativeTarget "onMap" */ = {
			isa = XCConfigurationList;
			buildConfigurations = (
				44D32B7A2361F9380043776A /* Debug */,
				44D32B7B2361F9380043776A /* Release */,
			);
			defaultConfigurationIsVisible = 0;
			defaultConfigurationName = Release;
		};
/* End XCConfigurationList section */
	};
	rootObject = 44D32B5F2361F9370043776A /* Project object */;
}
